// !$*UTF8*$!
{
	archiveVersion = 1;
	classes = {
	};
	objectVersion = 55;
	objects = {

/* Begin PBXBuildFile section */
		8235E26C5663DE9951E2CD49 /* Pods_idus_test_iOS_Aizen.framework in Frameworks */ = {isa = PBXBuildFile; fileRef = 7CDB0FF13BFE3CEE8B16256F /* Pods_idus_test_iOS_Aizen.framework */; };
		EE3365EF27E772C4006DF058 /* EmailLoginViewController.swift in Sources */ = {isa = PBXBuildFile; fileRef = EE3365EE27E772C4006DF058 /* EmailLoginViewController.swift */; };
		EE3CC32B27EA12DB0075D5AA /* ClassStoryboard.storyboard in Resources */ = {isa = PBXBuildFile; fileRef = EE3CC32A27EA12DB0075D5AA /* ClassStoryboard.storyboard */; };
		EE3CC32D27EA12EF0075D5AA /* ClassViewController.swift in Sources */ = {isa = PBXBuildFile; fileRef = EE3CC32C27EA12EF0075D5AA /* ClassViewController.swift */; };
		EE3CC33027EA130A0075D5AA /* SearchStoryboard.storyboard in Resources */ = {isa = PBXBuildFile; fileRef = EE3CC32F27EA130A0075D5AA /* SearchStoryboard.storyboard */; };
		EE3CC33227EA13180075D5AA /* SearchViewController.swift in Sources */ = {isa = PBXBuildFile; fileRef = EE3CC33127EA13180075D5AA /* SearchViewController.swift */; };
		EE3CC33527EA13340075D5AA /* CategoryStoryboard.storyboard in Resources */ = {isa = PBXBuildFile; fileRef = EE3CC33427EA13340075D5AA /* CategoryStoryboard.storyboard */; };
		EE3CC33727EA13420075D5AA /* CategoryViewController.swift in Sources */ = {isa = PBXBuildFile; fileRef = EE3CC33627EA13420075D5AA /* CategoryViewController.swift */; };
		EE3CC33D27EA13BB0075D5AA /* OnlineViewController.swift in Sources */ = {isa = PBXBuildFile; fileRef = EE3CC33C27EA13BB0075D5AA /* OnlineViewController.swift */; };
		EE3CC34127EA13D30075D5AA /* OfflineViewController.swift in Sources */ = {isa = PBXBuildFile; fileRef = EE3CC34027EA13D30075D5AA /* OfflineViewController.swift */; };
		EE42A92E27E9B23D00A4002F /* ArticleStoryboard.storyboard in Resources */ = {isa = PBXBuildFile; fileRef = EE42A92D27E9B23D00A4002F /* ArticleStoryboard.storyboard */; };
		EE42A93227E9B53100A4002F /* ParentViewController.swift in Sources */ = {isa = PBXBuildFile; fileRef = EE42A93127E9B53100A4002F /* ParentViewController.swift */; };
		EE471CF127E9E6A700C777C8 /* NewViewController.swift in Sources */ = {isa = PBXBuildFile; fileRef = EE471CF027E9E6A700C777C8 /* NewViewController.swift */; };
		EE471CF327E9E76200C777C8 /* NewStoryboard.storyboard in Resources */ = {isa = PBXBuildFile; fileRef = EE471CF227E9E76200C777C8 /* NewStoryboard.storyboard */; };
		EE643FBF27F06F4C00935857 /* UIImageView.swift in Sources */ = {isa = PBXBuildFile; fileRef = EE643FBE27F06F4C00935857 /* UIImageView.swift */; };
		EE643FC827F0875E00935857 /* DetailResponse.swift in Sources */ = {isa = PBXBuildFile; fileRef = EE643FC727F0875E00935857 /* DetailResponse.swift */; };
		EE643FCA27F08C5600935857 /* CommentResponse.swift in Sources */ = {isa = PBXBuildFile; fileRef = EE643FC927F08C5600935857 /* CommentResponse.swift */; };
		EE643FCC27F08D0500935857 /* ReviewResponse.swift in Sources */ = {isa = PBXBuildFile; fileRef = EE643FCB27F08D0500935857 /* ReviewResponse.swift */; };
		EE643FCE27F08F9E00935857 /* DetailDataManager.swift in Sources */ = {isa = PBXBuildFile; fileRef = EE643FCD27F08F9E00935857 /* DetailDataManager.swift */; };
		EE6551D027EE2CDF00BBCF90 /* SignUpDataManager.swift in Sources */ = {isa = PBXBuildFile; fileRef = EE6551CF27EE2CDF00BBCF90 /* SignUpDataManager.swift */; };
		EE6551D327EE2DB700BBCF90 /* Constant.swift in Sources */ = {isa = PBXBuildFile; fileRef = EE6551D227EE2DB700BBCF90 /* Constant.swift */; };
		EE6551D627EE313600BBCF90 /* SignUpRequest.swift in Sources */ = {isa = PBXBuildFile; fileRef = EE6551D527EE313600BBCF90 /* SignUpRequest.swift */; };
		EE6551D827EE314800BBCF90 /* SignUpResponse.swift in Sources */ = {isa = PBXBuildFile; fileRef = EE6551D727EE314800BBCF90 /* SignUpResponse.swift */; };
		EE6551DD27EE4BFA00BBCF90 /* LoginDataManager.swift in Sources */ = {isa = PBXBuildFile; fileRef = EE6551DC27EE4BFA00BBCF90 /* LoginDataManager.swift */; };
		EE6551DF27EE4C4A00BBCF90 /* EmailLoginRequest.swift in Sources */ = {isa = PBXBuildFile; fileRef = EE6551DE27EE4C4A00BBCF90 /* EmailLoginRequest.swift */; };
		EE6551E127EE4C5800BBCF90 /* EmailLoginResponse.swift in Sources */ = {isa = PBXBuildFile; fileRef = EE6551E027EE4C5800BBCF90 /* EmailLoginResponse.swift */; };
		EE6551E527EE605E00BBCF90 /* ProfileDataManager.swift in Sources */ = {isa = PBXBuildFile; fileRef = EE6551E427EE605E00BBCF90 /* ProfileDataManager.swift */; };
		EE6551E727EE608E00BBCF90 /* ProfileResponse.swift in Sources */ = {isa = PBXBuildFile; fileRef = EE6551E627EE608E00BBCF90 /* ProfileResponse.swift */; };
		EE8594C127EAF12F00F274A4 /* OnlyImageCollectionViewCell.swift in Sources */ = {isa = PBXBuildFile; fileRef = EE8594BF27EAF12F00F274A4 /* OnlyImageCollectionViewCell.swift */; };
		EE8594C227EAF12F00F274A4 /* OnlyImageCollectionViewCell.xib in Resources */ = {isa = PBXBuildFile; fileRef = EE8594C027EAF12F00F274A4 /* OnlyImageCollectionViewCell.xib */; };
		EE8594C527EAF30A00F274A4 /* NewCollectionViewCell.swift in Sources */ = {isa = PBXBuildFile; fileRef = EE8594C327EAF30A00F274A4 /* NewCollectionViewCell.swift */; };
		EE8594C627EAF30A00F274A4 /* NewCollectionViewCell.xib in Resources */ = {isa = PBXBuildFile; fileRef = EE8594C427EAF30A00F274A4 /* NewCollectionViewCell.xib */; };
		EE88137727EF0CD300715130 /* String.swift in Sources */ = {isa = PBXBuildFile; fileRef = EE88137627EF0CD300715130 /* String.swift */; };
		EEA2965C27ED347000D09ECB /* ArticleInfoTableViewCell.swift in Sources */ = {isa = PBXBuildFile; fileRef = EEA2965A27ED347000D09ECB /* ArticleInfoTableViewCell.swift */; };
		EEA2965D27ED347000D09ECB /* ArticleInfoTableViewCell.xib in Resources */ = {isa = PBXBuildFile; fileRef = EEA2965B27ED347000D09ECB /* ArticleInfoTableViewCell.xib */; };
		EEA2966027ED401B00D09ECB /* TabbarTableViewCell.swift in Sources */ = {isa = PBXBuildFile; fileRef = EEA2965E27ED401B00D09ECB /* TabbarTableViewCell.swift */; };
		EEA2966127ED401B00D09ECB /* TabbarTableViewCell.xib in Resources */ = {isa = PBXBuildFile; fileRef = EEA2965F27ED401B00D09ECB /* TabbarTableViewCell.xib */; };
		EEA2966427ED450500D09ECB /* InfoButtonTableViewCell.swift in Sources */ = {isa = PBXBuildFile; fileRef = EEA2966227ED450500D09ECB /* InfoButtonTableViewCell.swift */; };
		EEA2966527ED450500D09ECB /* InfoButtonTableViewCell.xib in Resources */ = {isa = PBXBuildFile; fileRef = EEA2966327ED450500D09ECB /* InfoButtonTableViewCell.xib */; };
		EEA2966A27ED470F00D09ECB /* ReviewTableViewCell.swift in Sources */ = {isa = PBXBuildFile; fileRef = EEA2966827ED470F00D09ECB /* ReviewTableViewCell.swift */; };
		EEA2966B27ED470F00D09ECB /* ReviewTableViewCell.xib in Resources */ = {isa = PBXBuildFile; fileRef = EEA2966927ED470F00D09ECB /* ReviewTableViewCell.xib */; };
		EEA2966F27ED4CFA00D09ECB /* CommentTableViewCell.swift in Sources */ = {isa = PBXBuildFile; fileRef = EEA2966D27ED4CFA00D09ECB /* CommentTableViewCell.swift */; };
		EEA2967027ED4CFA00D09ECB /* CommentTableViewCell.xib in Resources */ = {isa = PBXBuildFile; fileRef = EEA2966E27ED4CFA00D09ECB /* CommentTableViewCell.xib */; };
		EEA2967427ED4F8200D09ECB /* ArtistInfoTableViewCell.swift in Sources */ = {isa = PBXBuildFile; fileRef = EEA2967227ED4F8200D09ECB /* ArtistInfoTableViewCell.swift */; };
		EEA2967527ED4F8200D09ECB /* ArtistInfoTableViewCell.xib in Resources */ = {isa = PBXBuildFile; fileRef = EEA2967327ED4F8200D09ECB /* ArtistInfoTableViewCell.xib */; };
		EEB9569327ECA37B0085C64C /* PriceTableViewCell.swift in Sources */ = {isa = PBXBuildFile; fileRef = EEB9569127ECA37B0085C64C /* PriceTableViewCell.swift */; };
		EEB9569427ECA37B0085C64C /* PriceTableViewCell.xib in Resources */ = {isa = PBXBuildFile; fileRef = EEB9569227ECA37B0085C64C /* PriceTableViewCell.xib */; };
		EEB9569827ECACD40085C64C /* PostTableViewCell.swift in Sources */ = {isa = PBXBuildFile; fileRef = EEB9569627ECACD40085C64C /* PostTableViewCell.swift */; };
		EEB9569927ECACD40085C64C /* PostTableViewCell.xib in Resources */ = {isa = PBXBuildFile; fileRef = EEB9569727ECACD40085C64C /* PostTableViewCell.xib */; };
		EEBAB38D27F16BA300A53A30 /* DirectBuyViewController.swift in Sources */ = {isa = PBXBuildFile; fileRef = EEBAB38C27F16BA300A53A30 /* DirectBuyViewController.swift */; };
		EEBAB38F27F16BDA00A53A30 /* OrderPayViewController.swift in Sources */ = {isa = PBXBuildFile; fileRef = EEBAB38E27F16BDA00A53A30 /* OrderPayViewController.swift */; };
		EEBC6F9F27F0104E006F8072 /* NewDataManager.swift in Sources */ = {isa = PBXBuildFile; fileRef = EEBC6F9E27F0104E006F8072 /* NewDataManager.swift */; };
		EEBC6FA327F0120D006F8072 /* NewResponse.swift in Sources */ = {isa = PBXBuildFile; fileRef = EEBC6FA227F0120D006F8072 /* NewResponse.swift */; };
		EEBC6FA527F0440C006F8072 /* NewResponseList.swift in Sources */ = {isa = PBXBuildFile; fileRef = EEBC6FA427F0440C006F8072 /* NewResponseList.swift */; };
		EEBEBE9A27EC11E400037059 /* DetailStoryboard.storyboard in Resources */ = {isa = PBXBuildFile; fileRef = EEBEBE9927EC11E400037059 /* DetailStoryboard.storyboard */; };
		EEBEBE9D27EC1A2E00037059 /* DetailViewController.swift in Sources */ = {isa = PBXBuildFile; fileRef = EEBEBE9C27EC1A2E00037059 /* DetailViewController.swift */; };
		EEBEBEA327EC41C200037059 /* DetailCollectionViewCell.swift in Sources */ = {isa = PBXBuildFile; fileRef = EEBEBEA127EC41C200037059 /* DetailCollectionViewCell.swift */; };
		EEBEBEA427EC41C200037059 /* DetailCollectionViewCell.xib in Resources */ = {isa = PBXBuildFile; fileRef = EEBEBEA227EC41C200037059 /* DetailCollectionViewCell.xib */; };
		EEBEBEAD27EC45B700037059 /* MiniImageCollectionViewCell.swift in Sources */ = {isa = PBXBuildFile; fileRef = EEBEBEAB27EC45B700037059 /* MiniImageCollectionViewCell.swift */; };
		EEBEBEAE27EC45B700037059 /* MiniImageCollectionViewCell.xib in Resources */ = {isa = PBXBuildFile; fileRef = EEBEBEAC27EC45B700037059 /* MiniImageCollectionViewCell.xib */; };
		EEBEBEB127EC45D300037059 /* DetailCell.swift in Sources */ = {isa = PBXBuildFile; fileRef = EEBEBEAF27EC45D300037059 /* DetailCell.swift */; };
		EEBEBEB227EC45D300037059 /* DetailCell.xib in Resources */ = {isa = PBXBuildFile; fileRef = EEBEBEB027EC45D300037059 /* DetailCell.xib */; };
		EEBEBEB527EC45E800037059 /* MiniCell.swift in Sources */ = {isa = PBXBuildFile; fileRef = EEBEBEB327EC45E800037059 /* MiniCell.swift */; };
		EEBEBEB627EC45E800037059 /* MiniCell.xib in Resources */ = {isa = PBXBuildFile; fileRef = EEBEBEB427EC45E800037059 /* MiniCell.xib */; };
		EEC9D32127EED6DE00520746 /* KeyChainManager.swift in Sources */ = {isa = PBXBuildFile; fileRef = EEC9D32027EED6DE00520746 /* KeyChainManager.swift */; };
		EEC9D32327EEDAA900520746 /* User.swift in Sources */ = {isa = PBXBuildFile; fileRef = EEC9D32227EEDAA900520746 /* User.swift */; };
		EED3AFE727E5AFD100C4DBC7 /* AppDelegate.swift in Sources */ = {isa = PBXBuildFile; fileRef = EED3AFE627E5AFD100C4DBC7 /* AppDelegate.swift */; };
		EED3AFE927E5AFD100C4DBC7 /* SceneDelegate.swift in Sources */ = {isa = PBXBuildFile; fileRef = EED3AFE827E5AFD100C4DBC7 /* SceneDelegate.swift */; };
		EED3AFEB27E5AFD100C4DBC7 /* ViewController.swift in Sources */ = {isa = PBXBuildFile; fileRef = EED3AFEA27E5AFD100C4DBC7 /* ViewController.swift */; };
		EED3AFEE27E5AFD100C4DBC7 /* Main.storyboard in Resources */ = {isa = PBXBuildFile; fileRef = EED3AFEC27E5AFD100C4DBC7 /* Main.storyboard */; };
		EED3AFF027E5AFD100C4DBC7 /* Assets.xcassets in Resources */ = {isa = PBXBuildFile; fileRef = EED3AFEF27E5AFD100C4DBC7 /* Assets.xcassets */; };
		EED3AFF327E5AFD100C4DBC7 /* LaunchScreen.storyboard in Resources */ = {isa = PBXBuildFile; fileRef = EED3AFF127E5AFD100C4DBC7 /* LaunchScreen.storyboard */; };
		EEDFFD9B27E6398500B572C3 /* LoginStoryboard.storyboard in Resources */ = {isa = PBXBuildFile; fileRef = EEDFFD9A27E6398500B572C3 /* LoginStoryboard.storyboard */; };
		EEDFFD9E27E645B500B572C3 /* BaseViewController.swift in Sources */ = {isa = PBXBuildFile; fileRef = EEDFFD9D27E645B500B572C3 /* BaseViewController.swift */; };
		EEDFFDA027E645FF00B572C3 /* LoginMainViewController.swift in Sources */ = {isa = PBXBuildFile; fileRef = EEDFFD9F27E645FF00B572C3 /* LoginMainViewController.swift */; };
		EEDFFDA327E64E4B00B572C3 /* UIViewController.swift in Sources */ = {isa = PBXBuildFile; fileRef = EEDFFDA227E64E4B00B572C3 /* UIViewController.swift */; };
		EEDFFDA827E6516D00B572C3 /* NotoSansCJKkr-Bold.otf in Resources */ = {isa = PBXBuildFile; fileRef = EEDFFDA727E650DC00B572C3 /* NotoSansCJKkr-Bold.otf */; };
		EEDFFDA927E6517000B572C3 /* NotoSansCJKkr-Regular.otf in Resources */ = {isa = PBXBuildFile; fileRef = EEDFFDA527E650DB00B572C3 /* NotoSansCJKkr-Regular.otf */; };
		EEDFFDAA27E6517300B572C3 /* NotoSansCJKkr-Medium.otf in Resources */ = {isa = PBXBuildFile; fileRef = EEDFFDA627E650DB00B572C3 /* NotoSansCJKkr-Medium.otf */; };
		EEDFFDAC27E6520C00B572C3 /* UIFont.swift in Sources */ = {isa = PBXBuildFile; fileRef = EEDFFDAB27E6520C00B572C3 /* UIFont.swift */; };
		EEDFFDAE27E6523E00B572C3 /* IndicatorView.swift in Sources */ = {isa = PBXBuildFile; fileRef = EEDFFDAD27E6523E00B572C3 /* IndicatorView.swift */; };
		EEDFFDB027E6528100B572C3 /* UIColor.swift in Sources */ = {isa = PBXBuildFile; fileRef = EEDFFDAF27E6528100B572C3 /* UIColor.swift */; };
		EEDFFDB227E65E2D00B572C3 /* EmailSignUpViewController.swift in Sources */ = {isa = PBXBuildFile; fileRef = EEDFFDB127E65E2D00B572C3 /* EmailSignUpViewController.swift */; };
		EEE2B8C027E81A4C00A97E8E /* MainStoryboard.storyboard in Resources */ = {isa = PBXBuildFile; fileRef = EEE2B8BF27E81A4C00A97E8E /* MainStoryboard.storyboard */; };
		EEE2B8C227E81B9700A97E8E /* MyInfoStoryboard.storyboard in Resources */ = {isa = PBXBuildFile; fileRef = EEE2B8C127E81B9700A97E8E /* MyInfoStoryboard.storyboard */; };
		EEE2B8CA27E8296200A97E8E /* MyInfoProfileTableViewCell.swift in Sources */ = {isa = PBXBuildFile; fileRef = EEE2B8C827E8296200A97E8E /* MyInfoProfileTableViewCell.swift */; };
		EEE2B8CB27E8296200A97E8E /* MyInfoProfileTableViewCell.xib in Resources */ = {isa = PBXBuildFile; fileRef = EEE2B8C927E8296200A97E8E /* MyInfoProfileTableViewCell.xib */; };
		EEE2B8CE27E82A4900A97E8E /* MyInfoPlusTableViewCell.swift in Sources */ = {isa = PBXBuildFile; fileRef = EEE2B8CC27E82A4900A97E8E /* MyInfoPlusTableViewCell.swift */; };
		EEE2B8CF27E82A4900A97E8E /* MyInfoPlusTableViewCell.xib in Resources */ = {isa = PBXBuildFile; fileRef = EEE2B8CD27E82A4900A97E8E /* MyInfoPlusTableViewCell.xib */; };
		EEE2B8D227E82A6F00A97E8E /* addBannerTableViewCell.swift in Sources */ = {isa = PBXBuildFile; fileRef = EEE2B8D027E82A6F00A97E8E /* addBannerTableViewCell.swift */; };
		EEE2B8D327E82A6F00A97E8E /* addBannerTableViewCell.xib in Resources */ = {isa = PBXBuildFile; fileRef = EEE2B8D127E82A6F00A97E8E /* addBannerTableViewCell.xib */; };
		EEE2B8D627E82AD700A97E8E /* RecentTableViewCell.swift in Sources */ = {isa = PBXBuildFile; fileRef = EEE2B8D427E82AD700A97E8E /* RecentTableViewCell.swift */; };
		EEE2B8D727E82AD700A97E8E /* RecentTableViewCell.xib in Resources */ = {isa = PBXBuildFile; fileRef = EEE2B8D527E82AD700A97E8E /* RecentTableViewCell.xib */; };
		EEE2B8DA27E82AF100A97E8E /* NoticeTableViewCell.swift in Sources */ = {isa = PBXBuildFile; fileRef = EEE2B8D827E82AF100A97E8E /* NoticeTableViewCell.swift */; };
		EEE2B8DB27E82AF100A97E8E /* NoticeTableViewCell.xib in Resources */ = {isa = PBXBuildFile; fileRef = EEE2B8D927E82AF100A97E8E /* NoticeTableViewCell.xib */; };
		EEE2B8E027E82B6200A97E8E /* CorInfoTableViewCell.swift in Sources */ = {isa = PBXBuildFile; fileRef = EEE2B8DE27E82B6200A97E8E /* CorInfoTableViewCell.swift */; };
		EEE2B8E127E82B6200A97E8E /* CorInfoTableViewCell.xib in Resources */ = {isa = PBXBuildFile; fileRef = EEE2B8DF27E82B6200A97E8E /* CorInfoTableViewCell.xib */; };
		EEE2B8E427E82C2200A97E8E /* MyInfoNoLoginTableViewCell.swift in Sources */ = {isa = PBXBuildFile; fileRef = EEE2B8E227E82C2200A97E8E /* MyInfoNoLoginTableViewCell.swift */; };
		EEE2B8E527E82C2200A97E8E /* MyInfoNoLoginTableViewCell.xib in Resources */ = {isa = PBXBuildFile; fileRef = EEE2B8E327E82C2200A97E8E /* MyInfoNoLoginTableViewCell.xib */; };
		EEE2B8E927E8539800A97E8E /* MyInfoViewController.swift in Sources */ = {isa = PBXBuildFile; fileRef = EEE2B8E827E8539800A97E8E /* MyInfoViewController.swift */; };
		EEE95D2A27EF563B00860F15 /* ProfilePatchRequest.swift in Sources */ = {isa = PBXBuildFile; fileRef = EEE95D2927EF563B00860F15 /* ProfilePatchRequest.swift */; };
		EEE95D2E27EF626200860F15 /* SettingViewController.swift in Sources */ = {isa = PBXBuildFile; fileRef = EEE95D2D27EF626200860F15 /* SettingViewController.swift */; };
		EEE95D3127EF63A400860F15 /* SettingProfileTableViewCell.swift in Sources */ = {isa = PBXBuildFile; fileRef = EEE95D2F27EF63A400860F15 /* SettingProfileTableViewCell.swift */; };
		EEE95D3227EF63A400860F15 /* SettingProfileTableViewCell.xib in Resources */ = {isa = PBXBuildFile; fileRef = EEE95D3027EF63A400860F15 /* SettingProfileTableViewCell.xib */; };
		EEE95D3527EF6EDC00860F15 /* MyAccountTabTableViewCell.swift in Sources */ = {isa = PBXBuildFile; fileRef = EEE95D3327EF6EDC00860F15 /* MyAccountTabTableViewCell.swift */; };
		EEE95D3627EF6EDC00860F15 /* MyAccountTabTableViewCell.xib in Resources */ = {isa = PBXBuildFile; fileRef = EEE95D3427EF6EDC00860F15 /* MyAccountTabTableViewCell.xib */; };
		EEE95D3927EF718100860F15 /* CreditCardTableViewCell.swift in Sources */ = {isa = PBXBuildFile; fileRef = EEE95D3727EF718100860F15 /* CreditCardTableViewCell.swift */; };
		EEE95D3A27EF718100860F15 /* CreditCardTableViewCell.xib in Resources */ = {isa = PBXBuildFile; fileRef = EEE95D3827EF718100860F15 /* CreditCardTableViewCell.xib */; };
		EEE95D3D27EF72C900860F15 /* RefundManageTableViewCell.swift in Sources */ = {isa = PBXBuildFile; fileRef = EEE95D3B27EF72C900860F15 /* RefundManageTableViewCell.swift */; };
		EEE95D3E27EF72C900860F15 /* RefundManageTableViewCell.xib in Resources */ = {isa = PBXBuildFile; fileRef = EEE95D3C27EF72C900860F15 /* RefundManageTableViewCell.xib */; };
		EEE95D4127EF72F000860F15 /* AlarmTableViewCell.swift in Sources */ = {isa = PBXBuildFile; fileRef = EEE95D3F27EF72F000860F15 /* AlarmTableViewCell.swift */; };
		EEE95D4227EF72F000860F15 /* AlarmTableViewCell.xib in Resources */ = {isa = PBXBuildFile; fileRef = EEE95D4027EF72F000860F15 /* AlarmTableViewCell.xib */; };
		EEE95D4527EF730400860F15 /* LogOutTableViewCell.swift in Sources */ = {isa = PBXBuildFile; fileRef = EEE95D4327EF730400860F15 /* LogOutTableViewCell.swift */; };
		EEE95D4627EF730400860F15 /* LogOutTableViewCell.xib in Resources */ = {isa = PBXBuildFile; fileRef = EEE95D4427EF730400860F15 /* LogOutTableViewCell.xib */; };
		EEE95D4827EF7D3300860F15 /* MyProfileSetViewController.swift in Sources */ = {isa = PBXBuildFile; fileRef = EEE95D4727EF7D3300860F15 /* MyProfileSetViewController.swift */; };
		EEFC9ABF27F11BAF000704D0 /* DetailBottomSheetViewController.swift in Sources */ = {isa = PBXBuildFile; fileRef = EEFC9ABE27F11BAF000704D0 /* DetailBottomSheetViewController.swift */; };
		EEFC9AC327F1267B000704D0 /* DetailBottomSheetTableViewCell.swift in Sources */ = {isa = PBXBuildFile; fileRef = EEFC9AC127F1267B000704D0 /* DetailBottomSheetTableViewCell.swift */; };
		EEFC9AC427F1267B000704D0 /* DetailBottomSheetTableViewCell.xib in Resources */ = {isa = PBXBuildFile; fileRef = EEFC9AC227F1267B000704D0 /* DetailBottomSheetTableViewCell.xib */; };
		EEFC9ACB27F1537D000704D0 /* FirstCustomerTableViewCell.swift in Sources */ = {isa = PBXBuildFile; fileRef = EEFC9AC927F1537D000704D0 /* FirstCustomerTableViewCell.swift */; };
		EEFC9ACC27F1537D000704D0 /* FirstCustomerTableViewCell.xib in Resources */ = {isa = PBXBuildFile; fileRef = EEFC9ACA27F1537D000704D0 /* FirstCustomerTableViewCell.xib */; };
		EEFC9ACF27F15513000704D0 /* SecondAddressTableViewCell.swift in Sources */ = {isa = PBXBuildFile; fileRef = EEFC9ACD27F15513000704D0 /* SecondAddressTableViewCell.swift */; };
		EEFC9AD027F15513000704D0 /* SecondAddressTableViewCell.xib in Resources */ = {isa = PBXBuildFile; fileRef = EEFC9ACE27F15513000704D0 /* SecondAddressTableViewCell.xib */; };
		EEFC9AD327F15805000704D0 /* ThirdArticleInfoTableViewCell.swift in Sources */ = {isa = PBXBuildFile; fileRef = EEFC9AD127F15805000704D0 /* ThirdArticleInfoTableViewCell.swift */; };
		EEFC9AD427F15805000704D0 /* ThirdArticleInfoTableViewCell.xib in Resources */ = {isa = PBXBuildFile; fileRef = EEFC9AD227F15805000704D0 /* ThirdArticleInfoTableViewCell.xib */; };
		EEFC9AD727F15884000704D0 /* FourthPayTypeTableViewCell.swift in Sources */ = {isa = PBXBuildFile; fileRef = EEFC9AD527F15884000704D0 /* FourthPayTypeTableViewCell.swift */; };
		EEFC9AD827F15884000704D0 /* FourthPayTypeTableViewCell.xib in Resources */ = {isa = PBXBuildFile; fileRef = EEFC9AD627F15884000704D0 /* FourthPayTypeTableViewCell.xib */; };
		EEFC9ADB27F158B5000704D0 /* FifthPayInfoTableViewCell.swift in Sources */ = {isa = PBXBuildFile; fileRef = EEFC9AD927F158B5000704D0 /* FifthPayInfoTableViewCell.swift */; };
		EEFC9ADC27F158B5000704D0 /* FifthPayInfoTableViewCell.xib in Resources */ = {isa = PBXBuildFile; fileRef = EEFC9ADA27F158B5000704D0 /* FifthPayInfoTableViewCell.xib */; };
		EEFC9ADF27F158DB000704D0 /* SixthAgreeTableViewCell.swift in Sources */ = {isa = PBXBuildFile; fileRef = EEFC9ADD27F158DB000704D0 /* SixthAgreeTableViewCell.swift */; };
		EEFC9AE027F158DB000704D0 /* SixthAgreeTableViewCell.xib in Resources */ = {isa = PBXBuildFile; fileRef = EEFC9ADE27F158DB000704D0 /* SixthAgreeTableViewCell.xib */; };
/* End PBXBuildFile section */

/* Begin PBXFileReference section */
		7CDB0FF13BFE3CEE8B16256F /* Pods_idus_test_iOS_Aizen.framework */ = {isa = PBXFileReference; explicitFileType = wrapper.framework; includeInIndex = 0; path = Pods_idus_test_iOS_Aizen.framework; sourceTree = BUILT_PRODUCTS_DIR; };
		9891BBBE67D939487AA54A93 /* Pods-idus-test-iOS-Aizen.release.xcconfig */ = {isa = PBXFileReference; includeInIndex = 1; lastKnownFileType = text.xcconfig; name = "Pods-idus-test-iOS-Aizen.release.xcconfig"; path = "Target Support Files/Pods-idus-test-iOS-Aizen/Pods-idus-test-iOS-Aizen.release.xcconfig"; sourceTree = "<group>"; };
		B1CD12B4D5E4A8B60F313535 /* Pods-idus-test-iOS-Aizen.debug.xcconfig */ = {isa = PBXFileReference; includeInIndex = 1; lastKnownFileType = text.xcconfig; name = "Pods-idus-test-iOS-Aizen.debug.xcconfig"; path = "Target Support Files/Pods-idus-test-iOS-Aizen/Pods-idus-test-iOS-Aizen.debug.xcconfig"; sourceTree = "<group>"; };
		EE3365EE27E772C4006DF058 /* EmailLoginViewController.swift */ = {isa = PBXFileReference; lastKnownFileType = sourcecode.swift; path = EmailLoginViewController.swift; sourceTree = "<group>"; };
		EE3CC32A27EA12DB0075D5AA /* ClassStoryboard.storyboard */ = {isa = PBXFileReference; lastKnownFileType = file.storyboard; path = ClassStoryboard.storyboard; sourceTree = "<group>"; };
		EE3CC32C27EA12EF0075D5AA /* ClassViewController.swift */ = {isa = PBXFileReference; lastKnownFileType = sourcecode.swift; path = ClassViewController.swift; sourceTree = "<group>"; };
		EE3CC32F27EA130A0075D5AA /* SearchStoryboard.storyboard */ = {isa = PBXFileReference; lastKnownFileType = file.storyboard; path = SearchStoryboard.storyboard; sourceTree = "<group>"; };
		EE3CC33127EA13180075D5AA /* SearchViewController.swift */ = {isa = PBXFileReference; lastKnownFileType = sourcecode.swift; path = SearchViewController.swift; sourceTree = "<group>"; };
		EE3CC33427EA13340075D5AA /* CategoryStoryboard.storyboard */ = {isa = PBXFileReference; lastKnownFileType = file.storyboard; path = CategoryStoryboard.storyboard; sourceTree = "<group>"; };
		EE3CC33627EA13420075D5AA /* CategoryViewController.swift */ = {isa = PBXFileReference; lastKnownFileType = sourcecode.swift; path = CategoryViewController.swift; sourceTree = "<group>"; };
		EE3CC33C27EA13BB0075D5AA /* OnlineViewController.swift */ = {isa = PBXFileReference; lastKnownFileType = sourcecode.swift; path = OnlineViewController.swift; sourceTree = "<group>"; };
		EE3CC34027EA13D30075D5AA /* OfflineViewController.swift */ = {isa = PBXFileReference; lastKnownFileType = sourcecode.swift; path = OfflineViewController.swift; sourceTree = "<group>"; };
		EE42A92D27E9B23D00A4002F /* ArticleStoryboard.storyboard */ = {isa = PBXFileReference; lastKnownFileType = file.storyboard; path = ArticleStoryboard.storyboard; sourceTree = "<group>"; };
		EE42A93127E9B53100A4002F /* ParentViewController.swift */ = {isa = PBXFileReference; lastKnownFileType = sourcecode.swift; path = ParentViewController.swift; sourceTree = "<group>"; };
		EE471CF027E9E6A700C777C8 /* NewViewController.swift */ = {isa = PBXFileReference; lastKnownFileType = sourcecode.swift; path = NewViewController.swift; sourceTree = "<group>"; };
		EE471CF227E9E76200C777C8 /* NewStoryboard.storyboard */ = {isa = PBXFileReference; lastKnownFileType = file.storyboard; path = NewStoryboard.storyboard; sourceTree = "<group>"; };
		EE643FBE27F06F4C00935857 /* UIImageView.swift */ = {isa = PBXFileReference; lastKnownFileType = sourcecode.swift; path = UIImageView.swift; sourceTree = "<group>"; };
		EE643FC727F0875E00935857 /* DetailResponse.swift */ = {isa = PBXFileReference; lastKnownFileType = sourcecode.swift; path = DetailResponse.swift; sourceTree = "<group>"; };
		EE643FC927F08C5600935857 /* CommentResponse.swift */ = {isa = PBXFileReference; lastKnownFileType = sourcecode.swift; path = CommentResponse.swift; sourceTree = "<group>"; };
		EE643FCB27F08D0500935857 /* ReviewResponse.swift */ = {isa = PBXFileReference; lastKnownFileType = sourcecode.swift; path = ReviewResponse.swift; sourceTree = "<group>"; };
		EE643FCD27F08F9E00935857 /* DetailDataManager.swift */ = {isa = PBXFileReference; lastKnownFileType = sourcecode.swift; path = DetailDataManager.swift; sourceTree = "<group>"; };
		EE6551CF27EE2CDF00BBCF90 /* SignUpDataManager.swift */ = {isa = PBXFileReference; lastKnownFileType = sourcecode.swift; path = SignUpDataManager.swift; sourceTree = "<group>"; };
		EE6551D227EE2DB700BBCF90 /* Constant.swift */ = {isa = PBXFileReference; lastKnownFileType = sourcecode.swift; path = Constant.swift; sourceTree = "<group>"; };
		EE6551D527EE313600BBCF90 /* SignUpRequest.swift */ = {isa = PBXFileReference; lastKnownFileType = sourcecode.swift; path = SignUpRequest.swift; sourceTree = "<group>"; };
		EE6551D727EE314800BBCF90 /* SignUpResponse.swift */ = {isa = PBXFileReference; lastKnownFileType = sourcecode.swift; path = SignUpResponse.swift; sourceTree = "<group>"; };
		EE6551DC27EE4BFA00BBCF90 /* LoginDataManager.swift */ = {isa = PBXFileReference; lastKnownFileType = sourcecode.swift; path = LoginDataManager.swift; sourceTree = "<group>"; };
		EE6551DE27EE4C4A00BBCF90 /* EmailLoginRequest.swift */ = {isa = PBXFileReference; lastKnownFileType = sourcecode.swift; path = EmailLoginRequest.swift; sourceTree = "<group>"; };
		EE6551E027EE4C5800BBCF90 /* EmailLoginResponse.swift */ = {isa = PBXFileReference; lastKnownFileType = sourcecode.swift; path = EmailLoginResponse.swift; sourceTree = "<group>"; };
		EE6551E427EE605E00BBCF90 /* ProfileDataManager.swift */ = {isa = PBXFileReference; lastKnownFileType = sourcecode.swift; path = ProfileDataManager.swift; sourceTree = "<group>"; };
		EE6551E627EE608E00BBCF90 /* ProfileResponse.swift */ = {isa = PBXFileReference; lastKnownFileType = sourcecode.swift; path = ProfileResponse.swift; sourceTree = "<group>"; };
		EE8594BF27EAF12F00F274A4 /* OnlyImageCollectionViewCell.swift */ = {isa = PBXFileReference; lastKnownFileType = sourcecode.swift; path = OnlyImageCollectionViewCell.swift; sourceTree = "<group>"; };
		EE8594C027EAF12F00F274A4 /* OnlyImageCollectionViewCell.xib */ = {isa = PBXFileReference; lastKnownFileType = file.xib; path = OnlyImageCollectionViewCell.xib; sourceTree = "<group>"; };
		EE8594C327EAF30A00F274A4 /* NewCollectionViewCell.swift */ = {isa = PBXFileReference; lastKnownFileType = sourcecode.swift; path = NewCollectionViewCell.swift; sourceTree = "<group>"; };
		EE8594C427EAF30A00F274A4 /* NewCollectionViewCell.xib */ = {isa = PBXFileReference; lastKnownFileType = file.xib; path = NewCollectionViewCell.xib; sourceTree = "<group>"; };
		EE88137627EF0CD300715130 /* String.swift */ = {isa = PBXFileReference; lastKnownFileType = sourcecode.swift; path = String.swift; sourceTree = "<group>"; };
		EEA2965A27ED347000D09ECB /* ArticleInfoTableViewCell.swift */ = {isa = PBXFileReference; lastKnownFileType = sourcecode.swift; path = ArticleInfoTableViewCell.swift; sourceTree = "<group>"; };
		EEA2965B27ED347000D09ECB /* ArticleInfoTableViewCell.xib */ = {isa = PBXFileReference; lastKnownFileType = file.xib; path = ArticleInfoTableViewCell.xib; sourceTree = "<group>"; };
		EEA2965E27ED401B00D09ECB /* TabbarTableViewCell.swift */ = {isa = PBXFileReference; lastKnownFileType = sourcecode.swift; path = TabbarTableViewCell.swift; sourceTree = "<group>"; };
		EEA2965F27ED401B00D09ECB /* TabbarTableViewCell.xib */ = {isa = PBXFileReference; lastKnownFileType = file.xib; path = TabbarTableViewCell.xib; sourceTree = "<group>"; };
		EEA2966227ED450500D09ECB /* InfoButtonTableViewCell.swift */ = {isa = PBXFileReference; lastKnownFileType = sourcecode.swift; path = InfoButtonTableViewCell.swift; sourceTree = "<group>"; };
		EEA2966327ED450500D09ECB /* InfoButtonTableViewCell.xib */ = {isa = PBXFileReference; lastKnownFileType = file.xib; path = InfoButtonTableViewCell.xib; sourceTree = "<group>"; };
		EEA2966827ED470F00D09ECB /* ReviewTableViewCell.swift */ = {isa = PBXFileReference; lastKnownFileType = sourcecode.swift; path = ReviewTableViewCell.swift; sourceTree = "<group>"; };
		EEA2966927ED470F00D09ECB /* ReviewTableViewCell.xib */ = {isa = PBXFileReference; lastKnownFileType = file.xib; path = ReviewTableViewCell.xib; sourceTree = "<group>"; };
		EEA2966D27ED4CFA00D09ECB /* CommentTableViewCell.swift */ = {isa = PBXFileReference; lastKnownFileType = sourcecode.swift; path = CommentTableViewCell.swift; sourceTree = "<group>"; };
		EEA2966E27ED4CFA00D09ECB /* CommentTableViewCell.xib */ = {isa = PBXFileReference; lastKnownFileType = file.xib; path = CommentTableViewCell.xib; sourceTree = "<group>"; };
		EEA2967227ED4F8200D09ECB /* ArtistInfoTableViewCell.swift */ = {isa = PBXFileReference; lastKnownFileType = sourcecode.swift; path = ArtistInfoTableViewCell.swift; sourceTree = "<group>"; };
		EEA2967327ED4F8200D09ECB /* ArtistInfoTableViewCell.xib */ = {isa = PBXFileReference; lastKnownFileType = file.xib; path = ArtistInfoTableViewCell.xib; sourceTree = "<group>"; };
		EEB9569127ECA37B0085C64C /* PriceTableViewCell.swift */ = {isa = PBXFileReference; lastKnownFileType = sourcecode.swift; path = PriceTableViewCell.swift; sourceTree = "<group>"; };
		EEB9569227ECA37B0085C64C /* PriceTableViewCell.xib */ = {isa = PBXFileReference; lastKnownFileType = file.xib; path = PriceTableViewCell.xib; sourceTree = "<group>"; };
		EEB9569627ECACD40085C64C /* PostTableViewCell.swift */ = {isa = PBXFileReference; lastKnownFileType = sourcecode.swift; path = PostTableViewCell.swift; sourceTree = "<group>"; };
		EEB9569727ECACD40085C64C /* PostTableViewCell.xib */ = {isa = PBXFileReference; lastKnownFileType = file.xib; path = PostTableViewCell.xib; sourceTree = "<group>"; };
		EEBAB38C27F16BA300A53A30 /* DirectBuyViewController.swift */ = {isa = PBXFileReference; lastKnownFileType = sourcecode.swift; path = DirectBuyViewController.swift; sourceTree = "<group>"; };
		EEBAB38E27F16BDA00A53A30 /* OrderPayViewController.swift */ = {isa = PBXFileReference; lastKnownFileType = sourcecode.swift; path = OrderPayViewController.swift; sourceTree = "<group>"; };
		EEBC6F9E27F0104E006F8072 /* NewDataManager.swift */ = {isa = PBXFileReference; lastKnownFileType = sourcecode.swift; path = NewDataManager.swift; sourceTree = "<group>"; };
		EEBC6FA227F0120D006F8072 /* NewResponse.swift */ = {isa = PBXFileReference; lastKnownFileType = sourcecode.swift; path = NewResponse.swift; sourceTree = "<group>"; };
		EEBC6FA427F0440C006F8072 /* NewResponseList.swift */ = {isa = PBXFileReference; lastKnownFileType = sourcecode.swift; path = NewResponseList.swift; sourceTree = "<group>"; };
		EEBEBE9927EC11E400037059 /* DetailStoryboard.storyboard */ = {isa = PBXFileReference; lastKnownFileType = file.storyboard; path = DetailStoryboard.storyboard; sourceTree = "<group>"; };
		EEBEBE9C27EC1A2E00037059 /* DetailViewController.swift */ = {isa = PBXFileReference; lastKnownFileType = sourcecode.swift; path = DetailViewController.swift; sourceTree = "<group>"; };
		EEBEBEA127EC41C200037059 /* DetailCollectionViewCell.swift */ = {isa = PBXFileReference; lastKnownFileType = sourcecode.swift; path = DetailCollectionViewCell.swift; sourceTree = "<group>"; };
		EEBEBEA227EC41C200037059 /* DetailCollectionViewCell.xib */ = {isa = PBXFileReference; lastKnownFileType = file.xib; path = DetailCollectionViewCell.xib; sourceTree = "<group>"; };
		EEBEBEAB27EC45B700037059 /* MiniImageCollectionViewCell.swift */ = {isa = PBXFileReference; lastKnownFileType = sourcecode.swift; path = MiniImageCollectionViewCell.swift; sourceTree = "<group>"; };
		EEBEBEAC27EC45B700037059 /* MiniImageCollectionViewCell.xib */ = {isa = PBXFileReference; lastKnownFileType = file.xib; path = MiniImageCollectionViewCell.xib; sourceTree = "<group>"; };
		EEBEBEAF27EC45D300037059 /* DetailCell.swift */ = {isa = PBXFileReference; lastKnownFileType = sourcecode.swift; path = DetailCell.swift; sourceTree = "<group>"; };
		EEBEBEB027EC45D300037059 /* DetailCell.xib */ = {isa = PBXFileReference; lastKnownFileType = file.xib; path = DetailCell.xib; sourceTree = "<group>"; };
		EEBEBEB327EC45E800037059 /* MiniCell.swift */ = {isa = PBXFileReference; lastKnownFileType = sourcecode.swift; path = MiniCell.swift; sourceTree = "<group>"; };
		EEBEBEB427EC45E800037059 /* MiniCell.xib */ = {isa = PBXFileReference; lastKnownFileType = file.xib; path = MiniCell.xib; sourceTree = "<group>"; };
		EEC9D32027EED6DE00520746 /* KeyChainManager.swift */ = {isa = PBXFileReference; lastKnownFileType = sourcecode.swift; path = KeyChainManager.swift; sourceTree = "<group>"; };
		EEC9D32227EEDAA900520746 /* User.swift */ = {isa = PBXFileReference; lastKnownFileType = sourcecode.swift; path = User.swift; sourceTree = "<group>"; };
		EED3AFE327E5AFD100C4DBC7 /* idus-test-iOS-Aizen.app */ = {isa = PBXFileReference; explicitFileType = wrapper.application; includeInIndex = 0; path = "idus-test-iOS-Aizen.app"; sourceTree = BUILT_PRODUCTS_DIR; };
		EED3AFE627E5AFD100C4DBC7 /* AppDelegate.swift */ = {isa = PBXFileReference; lastKnownFileType = sourcecode.swift; path = AppDelegate.swift; sourceTree = "<group>"; };
		EED3AFE827E5AFD100C4DBC7 /* SceneDelegate.swift */ = {isa = PBXFileReference; lastKnownFileType = sourcecode.swift; path = SceneDelegate.swift; sourceTree = "<group>"; };
		EED3AFEA27E5AFD100C4DBC7 /* ViewController.swift */ = {isa = PBXFileReference; lastKnownFileType = sourcecode.swift; path = ViewController.swift; sourceTree = "<group>"; };
		EED3AFED27E5AFD100C4DBC7 /* Base */ = {isa = PBXFileReference; lastKnownFileType = file.storyboard; name = Base; path = Base.lproj/Main.storyboard; sourceTree = "<group>"; };
		EED3AFEF27E5AFD100C4DBC7 /* Assets.xcassets */ = {isa = PBXFileReference; lastKnownFileType = folder.assetcatalog; path = Assets.xcassets; sourceTree = "<group>"; };
		EED3AFF227E5AFD100C4DBC7 /* Base */ = {isa = PBXFileReference; lastKnownFileType = file.storyboard; name = Base; path = Base.lproj/LaunchScreen.storyboard; sourceTree = "<group>"; };
		EED3AFF427E5AFD100C4DBC7 /* Info.plist */ = {isa = PBXFileReference; lastKnownFileType = text.plist.xml; path = Info.plist; sourceTree = "<group>"; };
		EEDFFD9A27E6398500B572C3 /* LoginStoryboard.storyboard */ = {isa = PBXFileReference; lastKnownFileType = file.storyboard; path = LoginStoryboard.storyboard; sourceTree = "<group>"; };
		EEDFFD9D27E645B500B572C3 /* BaseViewController.swift */ = {isa = PBXFileReference; lastKnownFileType = sourcecode.swift; path = BaseViewController.swift; sourceTree = "<group>"; };
		EEDFFD9F27E645FF00B572C3 /* LoginMainViewController.swift */ = {isa = PBXFileReference; lastKnownFileType = sourcecode.swift; path = LoginMainViewController.swift; sourceTree = "<group>"; };
		EEDFFDA227E64E4B00B572C3 /* UIViewController.swift */ = {isa = PBXFileReference; lastKnownFileType = sourcecode.swift; path = UIViewController.swift; sourceTree = "<group>"; };
		EEDFFDA527E650DB00B572C3 /* NotoSansCJKkr-Regular.otf */ = {isa = PBXFileReference; lastKnownFileType = file; path = "NotoSansCJKkr-Regular.otf"; sourceTree = "<group>"; };
		EEDFFDA627E650DB00B572C3 /* NotoSansCJKkr-Medium.otf */ = {isa = PBXFileReference; lastKnownFileType = file; path = "NotoSansCJKkr-Medium.otf"; sourceTree = "<group>"; };
		EEDFFDA727E650DC00B572C3 /* NotoSansCJKkr-Bold.otf */ = {isa = PBXFileReference; lastKnownFileType = file; path = "NotoSansCJKkr-Bold.otf"; sourceTree = "<group>"; };
		EEDFFDAB27E6520C00B572C3 /* UIFont.swift */ = {isa = PBXFileReference; lastKnownFileType = sourcecode.swift; path = UIFont.swift; sourceTree = "<group>"; };
		EEDFFDAD27E6523E00B572C3 /* IndicatorView.swift */ = {isa = PBXFileReference; lastKnownFileType = sourcecode.swift; path = IndicatorView.swift; sourceTree = "<group>"; };
		EEDFFDAF27E6528100B572C3 /* UIColor.swift */ = {isa = PBXFileReference; lastKnownFileType = sourcecode.swift; path = UIColor.swift; sourceTree = "<group>"; };
		EEDFFDB127E65E2D00B572C3 /* EmailSignUpViewController.swift */ = {isa = PBXFileReference; lastKnownFileType = sourcecode.swift; path = EmailSignUpViewController.swift; sourceTree = "<group>"; };
		EEE2B8BF27E81A4C00A97E8E /* MainStoryboard.storyboard */ = {isa = PBXFileReference; lastKnownFileType = file.storyboard; path = MainStoryboard.storyboard; sourceTree = "<group>"; };
		EEE2B8C127E81B9700A97E8E /* MyInfoStoryboard.storyboard */ = {isa = PBXFileReference; lastKnownFileType = file.storyboard; path = MyInfoStoryboard.storyboard; sourceTree = "<group>"; };
		EEE2B8C827E8296200A97E8E /* MyInfoProfileTableViewCell.swift */ = {isa = PBXFileReference; lastKnownFileType = sourcecode.swift; path = MyInfoProfileTableViewCell.swift; sourceTree = "<group>"; };
		EEE2B8C927E8296200A97E8E /* MyInfoProfileTableViewCell.xib */ = {isa = PBXFileReference; lastKnownFileType = file.xib; path = MyInfoProfileTableViewCell.xib; sourceTree = "<group>"; };
		EEE2B8CC27E82A4900A97E8E /* MyInfoPlusTableViewCell.swift */ = {isa = PBXFileReference; lastKnownFileType = sourcecode.swift; path = MyInfoPlusTableViewCell.swift; sourceTree = "<group>"; };
		EEE2B8CD27E82A4900A97E8E /* MyInfoPlusTableViewCell.xib */ = {isa = PBXFileReference; lastKnownFileType = file.xib; path = MyInfoPlusTableViewCell.xib; sourceTree = "<group>"; };
		EEE2B8D027E82A6F00A97E8E /* addBannerTableViewCell.swift */ = {isa = PBXFileReference; lastKnownFileType = sourcecode.swift; path = addBannerTableViewCell.swift; sourceTree = "<group>"; };
		EEE2B8D127E82A6F00A97E8E /* addBannerTableViewCell.xib */ = {isa = PBXFileReference; lastKnownFileType = file.xib; path = addBannerTableViewCell.xib; sourceTree = "<group>"; };
		EEE2B8D427E82AD700A97E8E /* RecentTableViewCell.swift */ = {isa = PBXFileReference; lastKnownFileType = sourcecode.swift; path = RecentTableViewCell.swift; sourceTree = "<group>"; };
		EEE2B8D527E82AD700A97E8E /* RecentTableViewCell.xib */ = {isa = PBXFileReference; lastKnownFileType = file.xib; path = RecentTableViewCell.xib; sourceTree = "<group>"; };
		EEE2B8D827E82AF100A97E8E /* NoticeTableViewCell.swift */ = {isa = PBXFileReference; lastKnownFileType = sourcecode.swift; path = NoticeTableViewCell.swift; sourceTree = "<group>"; };
		EEE2B8D927E82AF100A97E8E /* NoticeTableViewCell.xib */ = {isa = PBXFileReference; lastKnownFileType = file.xib; path = NoticeTableViewCell.xib; sourceTree = "<group>"; };
		EEE2B8DE27E82B6200A97E8E /* CorInfoTableViewCell.swift */ = {isa = PBXFileReference; lastKnownFileType = sourcecode.swift; path = CorInfoTableViewCell.swift; sourceTree = "<group>"; };
		EEE2B8DF27E82B6200A97E8E /* CorInfoTableViewCell.xib */ = {isa = PBXFileReference; lastKnownFileType = file.xib; path = CorInfoTableViewCell.xib; sourceTree = "<group>"; };
		EEE2B8E227E82C2200A97E8E /* MyInfoNoLoginTableViewCell.swift */ = {isa = PBXFileReference; lastKnownFileType = sourcecode.swift; path = MyInfoNoLoginTableViewCell.swift; sourceTree = "<group>"; };
		EEE2B8E327E82C2200A97E8E /* MyInfoNoLoginTableViewCell.xib */ = {isa = PBXFileReference; lastKnownFileType = file.xib; path = MyInfoNoLoginTableViewCell.xib; sourceTree = "<group>"; };
		EEE2B8E827E8539800A97E8E /* MyInfoViewController.swift */ = {isa = PBXFileReference; lastKnownFileType = sourcecode.swift; path = MyInfoViewController.swift; sourceTree = "<group>"; };
		EEE95D2927EF563B00860F15 /* ProfilePatchRequest.swift */ = {isa = PBXFileReference; lastKnownFileType = sourcecode.swift; path = ProfilePatchRequest.swift; sourceTree = "<group>"; };
		EEE95D2D27EF626200860F15 /* SettingViewController.swift */ = {isa = PBXFileReference; lastKnownFileType = sourcecode.swift; path = SettingViewController.swift; sourceTree = "<group>"; };
		EEE95D2F27EF63A400860F15 /* SettingProfileTableViewCell.swift */ = {isa = PBXFileReference; lastKnownFileType = sourcecode.swift; path = SettingProfileTableViewCell.swift; sourceTree = "<group>"; };
		EEE95D3027EF63A400860F15 /* SettingProfileTableViewCell.xib */ = {isa = PBXFileReference; lastKnownFileType = file.xib; path = SettingProfileTableViewCell.xib; sourceTree = "<group>"; };
		EEE95D3327EF6EDC00860F15 /* MyAccountTabTableViewCell.swift */ = {isa = PBXFileReference; lastKnownFileType = sourcecode.swift; path = MyAccountTabTableViewCell.swift; sourceTree = "<group>"; };
		EEE95D3427EF6EDC00860F15 /* MyAccountTabTableViewCell.xib */ = {isa = PBXFileReference; lastKnownFileType = file.xib; path = MyAccountTabTableViewCell.xib; sourceTree = "<group>"; };
		EEE95D3727EF718100860F15 /* CreditCardTableViewCell.swift */ = {isa = PBXFileReference; lastKnownFileType = sourcecode.swift; path = CreditCardTableViewCell.swift; sourceTree = "<group>"; };
		EEE95D3827EF718100860F15 /* CreditCardTableViewCell.xib */ = {isa = PBXFileReference; lastKnownFileType = file.xib; path = CreditCardTableViewCell.xib; sourceTree = "<group>"; };
		EEE95D3B27EF72C900860F15 /* RefundManageTableViewCell.swift */ = {isa = PBXFileReference; lastKnownFileType = sourcecode.swift; path = RefundManageTableViewCell.swift; sourceTree = "<group>"; };
		EEE95D3C27EF72C900860F15 /* RefundManageTableViewCell.xib */ = {isa = PBXFileReference; lastKnownFileType = file.xib; path = RefundManageTableViewCell.xib; sourceTree = "<group>"; };
		EEE95D3F27EF72F000860F15 /* AlarmTableViewCell.swift */ = {isa = PBXFileReference; lastKnownFileType = sourcecode.swift; path = AlarmTableViewCell.swift; sourceTree = "<group>"; };
		EEE95D4027EF72F000860F15 /* AlarmTableViewCell.xib */ = {isa = PBXFileReference; lastKnownFileType = file.xib; path = AlarmTableViewCell.xib; sourceTree = "<group>"; };
		EEE95D4327EF730400860F15 /* LogOutTableViewCell.swift */ = {isa = PBXFileReference; lastKnownFileType = sourcecode.swift; path = LogOutTableViewCell.swift; sourceTree = "<group>"; };
		EEE95D4427EF730400860F15 /* LogOutTableViewCell.xib */ = {isa = PBXFileReference; lastKnownFileType = file.xib; path = LogOutTableViewCell.xib; sourceTree = "<group>"; };
		EEE95D4727EF7D3300860F15 /* MyProfileSetViewController.swift */ = {isa = PBXFileReference; lastKnownFileType = sourcecode.swift; path = MyProfileSetViewController.swift; sourceTree = "<group>"; };
		EEFC9ABE27F11BAF000704D0 /* DetailBottomSheetViewController.swift */ = {isa = PBXFileReference; lastKnownFileType = sourcecode.swift; path = DetailBottomSheetViewController.swift; sourceTree = "<group>"; };
		EEFC9AC127F1267B000704D0 /* DetailBottomSheetTableViewCell.swift */ = {isa = PBXFileReference; lastKnownFileType = sourcecode.swift; path = DetailBottomSheetTableViewCell.swift; sourceTree = "<group>"; };
		EEFC9AC227F1267B000704D0 /* DetailBottomSheetTableViewCell.xib */ = {isa = PBXFileReference; lastKnownFileType = file.xib; path = DetailBottomSheetTableViewCell.xib; sourceTree = "<group>"; };
		EEFC9AC927F1537D000704D0 /* FirstCustomerTableViewCell.swift */ = {isa = PBXFileReference; lastKnownFileType = sourcecode.swift; path = FirstCustomerTableViewCell.swift; sourceTree = "<group>"; };
		EEFC9ACA27F1537D000704D0 /* FirstCustomerTableViewCell.xib */ = {isa = PBXFileReference; lastKnownFileType = file.xib; path = FirstCustomerTableViewCell.xib; sourceTree = "<group>"; };
		EEFC9ACD27F15513000704D0 /* SecondAddressTableViewCell.swift */ = {isa = PBXFileReference; lastKnownFileType = sourcecode.swift; path = SecondAddressTableViewCell.swift; sourceTree = "<group>"; };
		EEFC9ACE27F15513000704D0 /* SecondAddressTableViewCell.xib */ = {isa = PBXFileReference; lastKnownFileType = file.xib; path = SecondAddressTableViewCell.xib; sourceTree = "<group>"; };
		EEFC9AD127F15805000704D0 /* ThirdArticleInfoTableViewCell.swift */ = {isa = PBXFileReference; lastKnownFileType = sourcecode.swift; path = ThirdArticleInfoTableViewCell.swift; sourceTree = "<group>"; };
		EEFC9AD227F15805000704D0 /* ThirdArticleInfoTableViewCell.xib */ = {isa = PBXFileReference; lastKnownFileType = file.xib; path = ThirdArticleInfoTableViewCell.xib; sourceTree = "<group>"; };
		EEFC9AD527F15884000704D0 /* FourthPayTypeTableViewCell.swift */ = {isa = PBXFileReference; lastKnownFileType = sourcecode.swift; path = FourthPayTypeTableViewCell.swift; sourceTree = "<group>"; };
		EEFC9AD627F15884000704D0 /* FourthPayTypeTableViewCell.xib */ = {isa = PBXFileReference; lastKnownFileType = file.xib; path = FourthPayTypeTableViewCell.xib; sourceTree = "<group>"; };
		EEFC9AD927F158B5000704D0 /* FifthPayInfoTableViewCell.swift */ = {isa = PBXFileReference; lastKnownFileType = sourcecode.swift; path = FifthPayInfoTableViewCell.swift; sourceTree = "<group>"; };
		EEFC9ADA27F158B5000704D0 /* FifthPayInfoTableViewCell.xib */ = {isa = PBXFileReference; lastKnownFileType = file.xib; path = FifthPayInfoTableViewCell.xib; sourceTree = "<group>"; };
		EEFC9ADD27F158DB000704D0 /* SixthAgreeTableViewCell.swift */ = {isa = PBXFileReference; lastKnownFileType = sourcecode.swift; path = SixthAgreeTableViewCell.swift; sourceTree = "<group>"; };
		EEFC9ADE27F158DB000704D0 /* SixthAgreeTableViewCell.xib */ = {isa = PBXFileReference; lastKnownFileType = file.xib; path = SixthAgreeTableViewCell.xib; sourceTree = "<group>"; };
/* End PBXFileReference section */

/* Begin PBXFrameworksBuildPhase section */
		EED3AFE027E5AFD100C4DBC7 /* Frameworks */ = {
			isa = PBXFrameworksBuildPhase;
			buildActionMask = 2147483647;
			files = (
				8235E26C5663DE9951E2CD49 /* Pods_idus_test_iOS_Aizen.framework in Frameworks */,
			);
			runOnlyForDeploymentPostprocessing = 0;
		};
/* End PBXFrameworksBuildPhase section */

/* Begin PBXGroup section */
		E5FCDB607B925105E13594F6 /* Pods */ = {
			isa = PBXGroup;
			children = (
				B1CD12B4D5E4A8B60F313535 /* Pods-idus-test-iOS-Aizen.debug.xcconfig */,
				9891BBBE67D939487AA54A93 /* Pods-idus-test-iOS-Aizen.release.xcconfig */,
			);
			path = Pods;
			sourceTree = "<group>";
		};
		EE3CC32927EA12BE0075D5AA /* Class */ = {
			isa = PBXGroup;
			children = (
				EE3CC33927EA139E0075D5AA /* Offline */,
				EE3CC33827EA13940075D5AA /* Online */,
				EE3CC32A27EA12DB0075D5AA /* ClassStoryboard.storyboard */,
				EE3CC32C27EA12EF0075D5AA /* ClassViewController.swift */,
			);
			path = Class;
			sourceTree = "<group>";
		};
		EE3CC32E27EA12F30075D5AA /* Search */ = {
			isa = PBXGroup;
			children = (
				EE3CC32F27EA130A0075D5AA /* SearchStoryboard.storyboard */,
				EE3CC33127EA13180075D5AA /* SearchViewController.swift */,
			);
			path = Search;
			sourceTree = "<group>";
		};
		EE3CC33327EA131C0075D5AA /* Category */ = {
			isa = PBXGroup;
			children = (
				EE3CC33427EA13340075D5AA /* CategoryStoryboard.storyboard */,
				EE3CC33627EA13420075D5AA /* CategoryViewController.swift */,
			);
			path = Category;
			sourceTree = "<group>";
		};
		EE3CC33827EA13940075D5AA /* Online */ = {
			isa = PBXGroup;
			children = (
				EEBEBE9727EC0F8F00037059 /* Cell */,
				EE3CC33C27EA13BB0075D5AA /* OnlineViewController.swift */,
			);
			path = Online;
			sourceTree = "<group>";
		};
		EE3CC33927EA139E0075D5AA /* Offline */ = {
			isa = PBXGroup;
			children = (
				EEBEBE9627EC0F8100037059 /* Cell */,
				EE3CC34027EA13D30075D5AA /* OfflineViewController.swift */,
			);
			path = Offline;
			sourceTree = "<group>";
		};
		EE471CEC27E9E66F00C777C8 /* New */ = {
			isa = PBXGroup;
			children = (
				EE8594BE27EAF0C400F274A4 /* Cell */,
				EE471CF027E9E6A700C777C8 /* NewViewController.swift */,
				EE471CF227E9E76200C777C8 /* NewStoryboard.storyboard */,
			);
			path = New;
			sourceTree = "<group>";
		};
		EE643FC427F0872900935857 /* DetailEntity */ = {
			isa = PBXGroup;
			children = (
				EE643FC727F0875E00935857 /* DetailResponse.swift */,
				EE643FC927F08C5600935857 /* CommentResponse.swift */,
				EE643FCB27F08D0500935857 /* ReviewResponse.swift */,
			);
			path = DetailEntity;
			sourceTree = "<group>";
		};
		EE6551CC27EE2B3A00BBCF90 /* Model */ = {
			isa = PBXGroup;
			children = (
				EEBC6FA027F01055006F8072 /* ArticleEntity */,
				EE6551E327EE604900BBCF90 /* ProfileEntity */,
				EE6551DB27EE4B3C00BBCF90 /* LoginEntity */,
				EE6551D427EE30F500BBCF90 /* SignUpEntity */,
			);
			path = Model;
			sourceTree = "<group>";
		};
		EE6551CD27EE2C2900BBCF90 /* API */ = {
			isa = PBXGroup;
			children = (
				EEE95D2827EF530800860F15 /* ArticleDataManager */,
				EE6551E227EE603000BBCF90 /* ProfileDataManager */,
				EE6551DA27EE4A4A00BBCF90 /* LoginDataManager */,
				EE6551CE27EE2CBE00BBCF90 /* SignUpDataManager */,
			);
			path = API;
			sourceTree = "<group>";
		};
		EE6551CE27EE2CBE00BBCF90 /* SignUpDataManager */ = {
			isa = PBXGroup;
			children = (
				EE6551CF27EE2CDF00BBCF90 /* SignUpDataManager.swift */,
			);
			path = SignUpDataManager;
			sourceTree = "<group>";
		};
		EE6551D427EE30F500BBCF90 /* SignUpEntity */ = {
			isa = PBXGroup;
			children = (
				EE6551D527EE313600BBCF90 /* SignUpRequest.swift */,
				EE6551D727EE314800BBCF90 /* SignUpResponse.swift */,
			);
			path = SignUpEntity;
			sourceTree = "<group>";
		};
		EE6551DA27EE4A4A00BBCF90 /* LoginDataManager */ = {
			isa = PBXGroup;
			children = (
				EE6551DC27EE4BFA00BBCF90 /* LoginDataManager.swift */,
			);
			path = LoginDataManager;
			sourceTree = "<group>";
		};
		EE6551DB27EE4B3C00BBCF90 /* LoginEntity */ = {
			isa = PBXGroup;
			children = (
				EE6551DE27EE4C4A00BBCF90 /* EmailLoginRequest.swift */,
				EE6551E027EE4C5800BBCF90 /* EmailLoginResponse.swift */,
			);
			path = LoginEntity;
			sourceTree = "<group>";
		};
		EE6551E227EE603000BBCF90 /* ProfileDataManager */ = {
			isa = PBXGroup;
			children = (
				EE6551E427EE605E00BBCF90 /* ProfileDataManager.swift */,
			);
			path = ProfileDataManager;
			sourceTree = "<group>";
		};
		EE6551E327EE604900BBCF90 /* ProfileEntity */ = {
			isa = PBXGroup;
			children = (
				EE6551E627EE608E00BBCF90 /* ProfileResponse.swift */,
				EEE95D2927EF563B00860F15 /* ProfilePatchRequest.swift */,
			);
			path = ProfileEntity;
			sourceTree = "<group>";
		};
		EE8594BE27EAF0C400F274A4 /* Cell */ = {
			isa = PBXGroup;
			children = (
				EE8594BF27EAF12F00F274A4 /* OnlyImageCollectionViewCell.swift */,
				EE8594C027EAF12F00F274A4 /* OnlyImageCollectionViewCell.xib */,
				EE8594C327EAF30A00F274A4 /* NewCollectionViewCell.swift */,
				EE8594C427EAF30A00F274A4 /* NewCollectionViewCell.xib */,
			);
			path = Cell;
			sourceTree = "<group>";
		};
		EEA2965527ED2E8400D09ECB /* Cell */ = {
			isa = PBXGroup;
			children = (
				EEA2967127ED4F6100D09ECB /* artistInfo */,
				EEA2966C27ED4CDA00D09ECB /* comment */,
				EEA2966727ED46AC00D09ECB /* review */,
				EEA2966627ED469900D09ECB /* info */,
				EEA2965E27ED401B00D09ECB /* TabbarTableViewCell.swift */,
				EEA2965F27ED401B00D09ECB /* TabbarTableViewCell.xib */,
			);
			path = Cell;
			sourceTree = "<group>";
		};
		EEA2966627ED469900D09ECB /* info */ = {
			isa = PBXGroup;
			children = (
				EEA2965A27ED347000D09ECB /* ArticleInfoTableViewCell.swift */,
				EEA2965B27ED347000D09ECB /* ArticleInfoTableViewCell.xib */,
				EEA2966227ED450500D09ECB /* InfoButtonTableViewCell.swift */,
				EEA2966327ED450500D09ECB /* InfoButtonTableViewCell.xib */,
			);
			path = info;
			sourceTree = "<group>";
		};
		EEA2966727ED46AC00D09ECB /* review */ = {
			isa = PBXGroup;
			children = (
				EEA2966827ED470F00D09ECB /* ReviewTableViewCell.swift */,
				EEA2966927ED470F00D09ECB /* ReviewTableViewCell.xib */,
			);
			path = review;
			sourceTree = "<group>";
		};
		EEA2966C27ED4CDA00D09ECB /* comment */ = {
			isa = PBXGroup;
			children = (
				EEA2966D27ED4CFA00D09ECB /* CommentTableViewCell.swift */,
				EEA2966E27ED4CFA00D09ECB /* CommentTableViewCell.xib */,
			);
			path = comment;
			sourceTree = "<group>";
		};
		EEA2967127ED4F6100D09ECB /* artistInfo */ = {
			isa = PBXGroup;
			children = (
				EEA2967227ED4F8200D09ECB /* ArtistInfoTableViewCell.swift */,
				EEA2967327ED4F8200D09ECB /* ArtistInfoTableViewCell.xib */,
			);
			path = artistInfo;
			sourceTree = "<group>";
		};
		EEB9569027EC9C890085C64C /* DetailPriceCell */ = {
			isa = PBXGroup;
			children = (
				EEB9569127ECA37B0085C64C /* PriceTableViewCell.swift */,
				EEB9569227ECA37B0085C64C /* PriceTableViewCell.xib */,
			);
			path = DetailPriceCell;
			sourceTree = "<group>";
		};
		EEB9569527ECACA50085C64C /* PostCell */ = {
			isa = PBXGroup;
			children = (
				EEB9569627ECACD40085C64C /* PostTableViewCell.swift */,
				EEB9569727ECACD40085C64C /* PostTableViewCell.xib */,
			);
			path = PostCell;
			sourceTree = "<group>";
		};
		EEB9569A27ECB29E0085C64C /* DetailTabbarCell */ = {
			isa = PBXGroup;
			children = (
				EEA2965527ED2E8400D09ECB /* Cell */,
			);
			path = DetailTabbarCell;
			sourceTree = "<group>";
		};
		EEBC6FA027F01055006F8072 /* ArticleEntity */ = {
			isa = PBXGroup;
			children = (
				EE643FC427F0872900935857 /* DetailEntity */,
				EEBC6FA127F01060006F8072 /* NewEntity */,
			);
			path = ArticleEntity;
			sourceTree = "<group>";
		};
		EEBC6FA127F01060006F8072 /* NewEntity */ = {
			isa = PBXGroup;
			children = (
				EEBC6FA227F0120D006F8072 /* NewResponse.swift */,
				EEBC6FA427F0440C006F8072 /* NewResponseList.swift */,
			);
			path = NewEntity;
			sourceTree = "<group>";
		};
		EEBEBE9627EC0F8100037059 /* Cell */ = {
			isa = PBXGroup;
			children = (
			);
			path = Cell;
			sourceTree = "<group>";
		};
		EEBEBE9727EC0F8F00037059 /* Cell */ = {
			isa = PBXGroup;
			children = (
			);
			path = Cell;
			sourceTree = "<group>";
		};
		EEBEBE9827EC119300037059 /* Detail */ = {
			isa = PBXGroup;
			children = (
				EEFC9AB927F119E8000704D0 /* Purchase */,
				EEBEBE9B27EC122000037059 /* Cell */,
				EEBEBE9927EC11E400037059 /* DetailStoryboard.storyboard */,
				EEBEBE9C27EC1A2E00037059 /* DetailViewController.swift */,
			);
			path = Detail;
			sourceTree = "<group>";
		};
		EEBEBE9B27EC122000037059 /* Cell */ = {
			isa = PBXGroup;
			children = (
				EEB9569A27ECB29E0085C64C /* DetailTabbarCell */,
				EEB9569527ECACA50085C64C /* PostCell */,
				EEB9569027EC9C890085C64C /* DetailPriceCell */,
				EEBEBE9E27EC40A300037059 /* DetailImage */,
			);
			path = Cell;
			sourceTree = "<group>";
		};
		EEBEBE9E27EC40A300037059 /* DetailImage */ = {
			isa = PBXGroup;
			children = (
				EEBEBEA127EC41C200037059 /* DetailCollectionViewCell.swift */,
				EEBEBEA227EC41C200037059 /* DetailCollectionViewCell.xib */,
				EEBEBEAB27EC45B700037059 /* MiniImageCollectionViewCell.swift */,
				EEBEBEAC27EC45B700037059 /* MiniImageCollectionViewCell.xib */,
				EEBEBEAF27EC45D300037059 /* DetailCell.swift */,
				EEBEBEB027EC45D300037059 /* DetailCell.xib */,
				EEBEBEB327EC45E800037059 /* MiniCell.swift */,
				EEBEBEB427EC45E800037059 /* MiniCell.xib */,
			);
			path = DetailImage;
			sourceTree = "<group>";
		};
		EED3AFDA27E5AFD100C4DBC7 = {
			isa = PBXGroup;
			children = (
				EED3AFE527E5AFD100C4DBC7 /* idus-test-iOS-Aizen */,
				EED3AFE427E5AFD100C4DBC7 /* Products */,
				E5FCDB607B925105E13594F6 /* Pods */,
				FB78CB83D397ACE6B7DFC3B1 /* Frameworks */,
			);
			sourceTree = "<group>";
		};
		EED3AFE427E5AFD100C4DBC7 /* Products */ = {
			isa = PBXGroup;
			children = (
				EED3AFE327E5AFD100C4DBC7 /* idus-test-iOS-Aizen.app */,
			);
			name = Products;
			sourceTree = "<group>";
		};
		EED3AFE527E5AFD100C4DBC7 /* idus-test-iOS-Aizen */ = {
			isa = PBXGroup;
			children = (
				EEDFFD9827E636D600B572C3 /* Network */,
				EEDFFD9727E636C900B572C3 /* Util */,
				EEDFFD9627E6368100B572C3 /* Source */,
				EEDFFD9527E6367300B572C3 /* Configuration */,
				EED3AFE627E5AFD100C4DBC7 /* AppDelegate.swift */,
				EED3AFE827E5AFD100C4DBC7 /* SceneDelegate.swift */,
				EED3AFEA27E5AFD100C4DBC7 /* ViewController.swift */,
				EED3AFEC27E5AFD100C4DBC7 /* Main.storyboard */,
				EED3AFEF27E5AFD100C4DBC7 /* Assets.xcassets */,
				EED3AFF127E5AFD100C4DBC7 /* LaunchScreen.storyboard */,
				EED3AFF427E5AFD100C4DBC7 /* Info.plist */,
			);
			path = "idus-test-iOS-Aizen";
			sourceTree = "<group>";
		};
		EEDFFD9527E6367300B572C3 /* Configuration */ = {
			isa = PBXGroup;
			children = (
				EEDFFDA427E6507800B572C3 /* Font */,
				EEDFFD9C27E6450400B572C3 /* Base */,
				EE6551D227EE2DB700BBCF90 /* Constant.swift */,
				EEC9D32027EED6DE00520746 /* KeyChainManager.swift */,
				EEC9D32227EEDAA900520746 /* User.swift */,
			);
			path = Configuration;
			sourceTree = "<group>";
		};
		EEDFFD9627E6368100B572C3 /* Source */ = {
			isa = PBXGroup;
			children = (
				EEE2B8BA27E8198D00A97E8E /* Main */,
				EEDFFD9927E6370000B572C3 /* Login */,
			);
			path = Source;
			sourceTree = "<group>";
		};
		EEDFFD9727E636C900B572C3 /* Util */ = {
			isa = PBXGroup;
			children = (
				EEDFFDAD27E6523E00B572C3 /* IndicatorView.swift */,
				EEDFFDA127E64E2300B572C3 /* Extension */,
			);
			path = Util;
			sourceTree = "<group>";
		};
		EEDFFD9827E636D600B572C3 /* Network */ = {
			isa = PBXGroup;
			children = (
				EE6551CD27EE2C2900BBCF90 /* API */,
				EE6551CC27EE2B3A00BBCF90 /* Model */,
			);
			path = Network;
			sourceTree = "<group>";
		};
		EEDFFD9927E6370000B572C3 /* Login */ = {
			isa = PBXGroup;
			children = (
				EEDFFD9A27E6398500B572C3 /* LoginStoryboard.storyboard */,
				EEDFFD9F27E645FF00B572C3 /* LoginMainViewController.swift */,
				EEDFFDB127E65E2D00B572C3 /* EmailSignUpViewController.swift */,
				EE3365EE27E772C4006DF058 /* EmailLoginViewController.swift */,
			);
			path = Login;
			sourceTree = "<group>";
		};
		EEDFFD9C27E6450400B572C3 /* Base */ = {
			isa = PBXGroup;
			children = (
				EEDFFD9D27E645B500B572C3 /* BaseViewController.swift */,
			);
			path = Base;
			sourceTree = "<group>";
		};
		EEDFFDA127E64E2300B572C3 /* Extension */ = {
			isa = PBXGroup;
			children = (
				EEDFFDA227E64E4B00B572C3 /* UIViewController.swift */,
				EEDFFDAB27E6520C00B572C3 /* UIFont.swift */,
				EEDFFDAF27E6528100B572C3 /* UIColor.swift */,
				EE88137627EF0CD300715130 /* String.swift */,
				EE643FBE27F06F4C00935857 /* UIImageView.swift */,
			);
			path = Extension;
			sourceTree = "<group>";
		};
		EEDFFDA427E6507800B572C3 /* Font */ = {
			isa = PBXGroup;
			children = (
				EEDFFDA727E650DC00B572C3 /* NotoSansCJKkr-Bold.otf */,
				EEDFFDA627E650DB00B572C3 /* NotoSansCJKkr-Medium.otf */,
				EEDFFDA527E650DB00B572C3 /* NotoSansCJKkr-Regular.otf */,
			);
			path = Font;
			sourceTree = "<group>";
		};
		EEE2B8BA27E8198D00A97E8E /* Main */ = {
			isa = PBXGroup;
			children = (
				EE3CC33327EA131C0075D5AA /* Category */,
				EE3CC32E27EA12F30075D5AA /* Search */,
				EE3CC32927EA12BE0075D5AA /* Class */,
				EEE2B8BE27E81A3500A97E8E /* Article */,
				EEE2B8BB27E819B500A97E8E /* MyInfo */,
				EEE2B8BF27E81A4C00A97E8E /* MainStoryboard.storyboard */,
			);
			path = Main;
			sourceTree = "<group>";
		};
		EEE2B8BB27E819B500A97E8E /* MyInfo */ = {
			isa = PBXGroup;
			children = (
				EEE95D2B27EF5F4500860F15 /* Setting */,
				EEE2B8C327E828FD00A97E8E /* cell */,
				EEE2B8C127E81B9700A97E8E /* MyInfoStoryboard.storyboard */,
				EEE2B8E827E8539800A97E8E /* MyInfoViewController.swift */,
			);
			path = MyInfo;
			sourceTree = "<group>";
		};
		EEE2B8BE27E81A3500A97E8E /* Article */ = {
			isa = PBXGroup;
			children = (
				EEBEBE9827EC119300037059 /* Detail */,
				EE471CEC27E9E66F00C777C8 /* New */,
				EE42A92D27E9B23D00A4002F /* ArticleStoryboard.storyboard */,
				EE42A93127E9B53100A4002F /* ParentViewController.swift */,
			);
			path = Article;
			sourceTree = "<group>";
		};
		EEE2B8C327E828FD00A97E8E /* cell */ = {
			isa = PBXGroup;
			children = (
				EEE2B8C827E8296200A97E8E /* MyInfoProfileTableViewCell.swift */,
				EEE2B8C927E8296200A97E8E /* MyInfoProfileTableViewCell.xib */,
				EEE2B8CC27E82A4900A97E8E /* MyInfoPlusTableViewCell.swift */,
				EEE2B8CD27E82A4900A97E8E /* MyInfoPlusTableViewCell.xib */,
				EEE2B8D027E82A6F00A97E8E /* addBannerTableViewCell.swift */,
				EEE2B8D127E82A6F00A97E8E /* addBannerTableViewCell.xib */,
				EEE2B8D427E82AD700A97E8E /* RecentTableViewCell.swift */,
				EEE2B8D527E82AD700A97E8E /* RecentTableViewCell.xib */,
				EEE2B8D827E82AF100A97E8E /* NoticeTableViewCell.swift */,
				EEE2B8D927E82AF100A97E8E /* NoticeTableViewCell.xib */,
				EEE2B8DE27E82B6200A97E8E /* CorInfoTableViewCell.swift */,
				EEE2B8DF27E82B6200A97E8E /* CorInfoTableViewCell.xib */,
				EEE2B8E227E82C2200A97E8E /* MyInfoNoLoginTableViewCell.swift */,
				EEE2B8E327E82C2200A97E8E /* MyInfoNoLoginTableViewCell.xib */,
			);
			path = cell;
			sourceTree = "<group>";
		};
		EEE95D2827EF530800860F15 /* ArticleDataManager */ = {
			isa = PBXGroup;
			children = (
				EEBC6F9E27F0104E006F8072 /* NewDataManager.swift */,
				EE643FCD27F08F9E00935857 /* DetailDataManager.swift */,
			);
			path = ArticleDataManager;
			sourceTree = "<group>";
		};
		EEE95D2B27EF5F4500860F15 /* Setting */ = {
			isa = PBXGroup;
			children = (
				EEE95D2C27EF5F5300860F15 /* Cell */,
				EEE95D2D27EF626200860F15 /* SettingViewController.swift */,
				EEE95D4727EF7D3300860F15 /* MyProfileSetViewController.swift */,
			);
			path = Setting;
			sourceTree = "<group>";
		};
		EEE95D2C27EF5F5300860F15 /* Cell */ = {
			isa = PBXGroup;
			children = (
				EEE95D2F27EF63A400860F15 /* SettingProfileTableViewCell.swift */,
				EEE95D3027EF63A400860F15 /* SettingProfileTableViewCell.xib */,
				EEE95D3327EF6EDC00860F15 /* MyAccountTabTableViewCell.swift */,
				EEE95D3427EF6EDC00860F15 /* MyAccountTabTableViewCell.xib */,
				EEE95D3727EF718100860F15 /* CreditCardTableViewCell.swift */,
				EEE95D3827EF718100860F15 /* CreditCardTableViewCell.xib */,
				EEE95D3B27EF72C900860F15 /* RefundManageTableViewCell.swift */,
				EEE95D3C27EF72C900860F15 /* RefundManageTableViewCell.xib */,
				EEE95D3F27EF72F000860F15 /* AlarmTableViewCell.swift */,
				EEE95D4027EF72F000860F15 /* AlarmTableViewCell.xib */,
				EEE95D4327EF730400860F15 /* LogOutTableViewCell.swift */,
				EEE95D4427EF730400860F15 /* LogOutTableViewCell.xib */,
			);
			path = Cell;
			sourceTree = "<group>";
		};
		EEFC9AB927F119E8000704D0 /* Purchase */ = {
			isa = PBXGroup;
			children = (
				EEFC9AC727F15288000704D0 /* OrderPay */,
				EEFC9AC027F12647000704D0 /* Cell */,
				EEFC9ABE27F11BAF000704D0 /* DetailBottomSheetViewController.swift */,
				EEBAB38C27F16BA300A53A30 /* DirectBuyViewController.swift */,
			);
			path = Purchase;
			sourceTree = "<group>";
		};
		EEFC9AC027F12647000704D0 /* Cell */ = {
			isa = PBXGroup;
			children = (
				EEFC9AC127F1267B000704D0 /* DetailBottomSheetTableViewCell.swift */,
				EEFC9AC227F1267B000704D0 /* DetailBottomSheetTableViewCell.xib */,
			);
			path = Cell;
			sourceTree = "<group>";
		};
		EEFC9AC727F15288000704D0 /* OrderPay */ = {
			isa = PBXGroup;
			children = (
				EEFC9AC827F1529A000704D0 /* Cell */,
				EEBAB38E27F16BDA00A53A30 /* OrderPayViewController.swift */,
			);
			path = OrderPay;
			sourceTree = "<group>";
		};
		EEFC9AC827F1529A000704D0 /* Cell */ = {
			isa = PBXGroup;
			children = (
				EEFC9AC927F1537D000704D0 /* FirstCustomerTableViewCell.swift */,
				EEFC9ACA27F1537D000704D0 /* FirstCustomerTableViewCell.xib */,
				EEFC9ACD27F15513000704D0 /* SecondAddressTableViewCell.swift */,
				EEFC9ACE27F15513000704D0 /* SecondAddressTableViewCell.xib */,
				EEFC9AD127F15805000704D0 /* ThirdArticleInfoTableViewCell.swift */,
				EEFC9AD227F15805000704D0 /* ThirdArticleInfoTableViewCell.xib */,
				EEFC9AD527F15884000704D0 /* FourthPayTypeTableViewCell.swift */,
				EEFC9AD627F15884000704D0 /* FourthPayTypeTableViewCell.xib */,
				EEFC9AD927F158B5000704D0 /* FifthPayInfoTableViewCell.swift */,
				EEFC9ADA27F158B5000704D0 /* FifthPayInfoTableViewCell.xib */,
				EEFC9ADD27F158DB000704D0 /* SixthAgreeTableViewCell.swift */,
				EEFC9ADE27F158DB000704D0 /* SixthAgreeTableViewCell.xib */,
			);
			path = Cell;
			sourceTree = "<group>";
		};
		FB78CB83D397ACE6B7DFC3B1 /* Frameworks */ = {
			isa = PBXGroup;
			children = (
				7CDB0FF13BFE3CEE8B16256F /* Pods_idus_test_iOS_Aizen.framework */,
			);
			name = Frameworks;
			sourceTree = "<group>";
		};
/* End PBXGroup section */

/* Begin PBXNativeTarget section */
		EED3AFE227E5AFD100C4DBC7 /* idus-test-iOS-Aizen */ = {
			isa = PBXNativeTarget;
			buildConfigurationList = EED3AFF727E5AFD100C4DBC7 /* Build configuration list for PBXNativeTarget "idus-test-iOS-Aizen" */;
			buildPhases = (
				288D673973673D0662C3CC02 /* [CP] Check Pods Manifest.lock */,
				EED3AFDF27E5AFD100C4DBC7 /* Sources */,
				EED3AFE027E5AFD100C4DBC7 /* Frameworks */,
				EED3AFE127E5AFD100C4DBC7 /* Resources */,
				D73111D7E589BDF031A293BB /* [CP] Embed Pods Frameworks */,
			);
			buildRules = (
			);
			dependencies = (
			);
			name = "idus-test-iOS-Aizen";
			productName = "idus-test-iOS-Aizen";
			productReference = EED3AFE327E5AFD100C4DBC7 /* idus-test-iOS-Aizen.app */;
			productType = "com.apple.product-type.application";
		};
/* End PBXNativeTarget section */

/* Begin PBXProject section */
		EED3AFDB27E5AFD100C4DBC7 /* Project object */ = {
			isa = PBXProject;
			attributes = {
				BuildIndependentTargetsInParallel = 1;
				LastSwiftUpdateCheck = 1320;
				LastUpgradeCheck = 1320;
				TargetAttributes = {
					EED3AFE227E5AFD100C4DBC7 = {
						CreatedOnToolsVersion = 13.2.1;
					};
				};
			};
			buildConfigurationList = EED3AFDE27E5AFD100C4DBC7 /* Build configuration list for PBXProject "idus-test-iOS-Aizen" */;
			compatibilityVersion = "Xcode 13.0";
			developmentRegion = en;
			hasScannedForEncodings = 0;
			knownRegions = (
				en,
				Base,
			);
			mainGroup = EED3AFDA27E5AFD100C4DBC7;
			productRefGroup = EED3AFE427E5AFD100C4DBC7 /* Products */;
			projectDirPath = "";
			projectRoot = "";
			targets = (
				EED3AFE227E5AFD100C4DBC7 /* idus-test-iOS-Aizen */,
			);
		};
/* End PBXProject section */

/* Begin PBXResourcesBuildPhase section */
		EED3AFE127E5AFD100C4DBC7 /* Resources */ = {
			isa = PBXResourcesBuildPhase;
			buildActionMask = 2147483647;
			files = (
				EED3AFF327E5AFD100C4DBC7 /* LaunchScreen.storyboard in Resources */,
				EEA2966B27ED470F00D09ECB /* ReviewTableViewCell.xib in Resources */,
				EE3CC33027EA130A0075D5AA /* SearchStoryboard.storyboard in Resources */,
				EEE2B8CF27E82A4900A97E8E /* MyInfoPlusTableViewCell.xib in Resources */,
				EEA2967027ED4CFA00D09ECB /* CommentTableViewCell.xib in Resources */,
				EEE2B8CB27E8296200A97E8E /* MyInfoProfileTableViewCell.xib in Resources */,
				EE8594C227EAF12F00F274A4 /* OnlyImageCollectionViewCell.xib in Resources */,
				EEE95D3A27EF718100860F15 /* CreditCardTableViewCell.xib in Resources */,
				EEFC9ADC27F158B5000704D0 /* FifthPayInfoTableViewCell.xib in Resources */,
				EEA2965D27ED347000D09ECB /* ArticleInfoTableViewCell.xib in Resources */,
				EEE2B8D727E82AD700A97E8E /* RecentTableViewCell.xib in Resources */,
				EEDFFDAA27E6517300B572C3 /* NotoSansCJKkr-Medium.otf in Resources */,
				EEE2B8DB27E82AF100A97E8E /* NoticeTableViewCell.xib in Resources */,
				EEE2B8E127E82B6200A97E8E /* CorInfoTableViewCell.xib in Resources */,
				EEDFFDA927E6517000B572C3 /* NotoSansCJKkr-Regular.otf in Resources */,
				EEE95D3E27EF72C900860F15 /* RefundManageTableViewCell.xib in Resources */,
				EEBEBEB627EC45E800037059 /* MiniCell.xib in Resources */,
				EEE95D3227EF63A400860F15 /* SettingProfileTableViewCell.xib in Resources */,
				EE42A92E27E9B23D00A4002F /* ArticleStoryboard.storyboard in Resources */,
				EEDFFDA827E6516D00B572C3 /* NotoSansCJKkr-Bold.otf in Resources */,
				EE3CC32B27EA12DB0075D5AA /* ClassStoryboard.storyboard in Resources */,
				EE471CF327E9E76200C777C8 /* NewStoryboard.storyboard in Resources */,
				EEE95D4227EF72F000860F15 /* AlarmTableViewCell.xib in Resources */,
				EEA2967527ED4F8200D09ECB /* ArtistInfoTableViewCell.xib in Resources */,
				EEBEBE9A27EC11E400037059 /* DetailStoryboard.storyboard in Resources */,
				EED3AFF027E5AFD100C4DBC7 /* Assets.xcassets in Resources */,
				EEFC9AC427F1267B000704D0 /* DetailBottomSheetTableViewCell.xib in Resources */,
				EEFC9AD427F15805000704D0 /* ThirdArticleInfoTableViewCell.xib in Resources */,
				EEE2B8E527E82C2200A97E8E /* MyInfoNoLoginTableViewCell.xib in Resources */,
				EEE2B8C027E81A4C00A97E8E /* MainStoryboard.storyboard in Resources */,
				EE3CC33527EA13340075D5AA /* CategoryStoryboard.storyboard in Resources */,
				EEBEBEA427EC41C200037059 /* DetailCollectionViewCell.xib in Resources */,
				EEB9569927ECACD40085C64C /* PostTableViewCell.xib in Resources */,
				EEA2966127ED401B00D09ECB /* TabbarTableViewCell.xib in Resources */,
				EEFC9AD027F15513000704D0 /* SecondAddressTableViewCell.xib in Resources */,
				EE8594C627EAF30A00F274A4 /* NewCollectionViewCell.xib in Resources */,
				EEE95D3627EF6EDC00860F15 /* MyAccountTabTableViewCell.xib in Resources */,
				EEFC9AE027F158DB000704D0 /* SixthAgreeTableViewCell.xib in Resources */,
				EEE2B8C227E81B9700A97E8E /* MyInfoStoryboard.storyboard in Resources */,
				EEFC9AD827F15884000704D0 /* FourthPayTypeTableViewCell.xib in Resources */,
				EEB9569427ECA37B0085C64C /* PriceTableViewCell.xib in Resources */,
				EEE2B8D327E82A6F00A97E8E /* addBannerTableViewCell.xib in Resources */,
				EED3AFEE27E5AFD100C4DBC7 /* Main.storyboard in Resources */,
				EEE95D4627EF730400860F15 /* LogOutTableViewCell.xib in Resources */,
				EEDFFD9B27E6398500B572C3 /* LoginStoryboard.storyboard in Resources */,
				EEFC9ACC27F1537D000704D0 /* FirstCustomerTableViewCell.xib in Resources */,
				EEBEBEAE27EC45B700037059 /* MiniImageCollectionViewCell.xib in Resources */,
				EEA2966527ED450500D09ECB /* InfoButtonTableViewCell.xib in Resources */,
				EEBEBEB227EC45D300037059 /* DetailCell.xib in Resources */,
			);
			runOnlyForDeploymentPostprocessing = 0;
		};
/* End PBXResourcesBuildPhase section */

/* Begin PBXShellScriptBuildPhase section */
		288D673973673D0662C3CC02 /* [CP] Check Pods Manifest.lock */ = {
			isa = PBXShellScriptBuildPhase;
			buildActionMask = 2147483647;
			files = (
			);
			inputFileListPaths = (
			);
			inputPaths = (
				"${PODS_PODFILE_DIR_PATH}/Podfile.lock",
				"${PODS_ROOT}/Manifest.lock",
			);
			name = "[CP] Check Pods Manifest.lock";
			outputFileListPaths = (
			);
			outputPaths = (
				"$(DERIVED_FILE_DIR)/Pods-idus-test-iOS-Aizen-checkManifestLockResult.txt",
			);
			runOnlyForDeploymentPostprocessing = 0;
			shellPath = /bin/sh;
			shellScript = "diff \"${PODS_PODFILE_DIR_PATH}/Podfile.lock\" \"${PODS_ROOT}/Manifest.lock\" > /dev/null\nif [ $? != 0 ] ; then\n    # print error to STDERR\n    echo \"error: The sandbox is not in sync with the Podfile.lock. Run 'pod install' or update your CocoaPods installation.\" >&2\n    exit 1\nfi\n# This output is used by Xcode 'outputs' to avoid re-running this script phase.\necho \"SUCCESS\" > \"${SCRIPT_OUTPUT_FILE_0}\"\n";
			showEnvVarsInLog = 0;
		};
		D73111D7E589BDF031A293BB /* [CP] Embed Pods Frameworks */ = {
			isa = PBXShellScriptBuildPhase;
			buildActionMask = 2147483647;
			files = (
			);
			inputFileListPaths = (
				"${PODS_ROOT}/Target Support Files/Pods-idus-test-iOS-Aizen/Pods-idus-test-iOS-Aizen-frameworks-${CONFIGURATION}-input-files.xcfilelist",
			);
			name = "[CP] Embed Pods Frameworks";
			outputFileListPaths = (
				"${PODS_ROOT}/Target Support Files/Pods-idus-test-iOS-Aizen/Pods-idus-test-iOS-Aizen-frameworks-${CONFIGURATION}-output-files.xcfilelist",
			);
			runOnlyForDeploymentPostprocessing = 0;
			shellPath = /bin/sh;
			shellScript = "\"${PODS_ROOT}/Target Support Files/Pods-idus-test-iOS-Aizen/Pods-idus-test-iOS-Aizen-frameworks.sh\"\n";
			showEnvVarsInLog = 0;
		};
/* End PBXShellScriptBuildPhase section */

/* Begin PBXSourcesBuildPhase section */
		EED3AFDF27E5AFD100C4DBC7 /* Sources */ = {
			isa = PBXSourcesBuildPhase;
			buildActionMask = 2147483647;
			files = (
				EE6551E527EE605E00BBCF90 /* ProfileDataManager.swift in Sources */,
				EE6551DF27EE4C4A00BBCF90 /* EmailLoginRequest.swift in Sources */,
				EEE95D3927EF718100860F15 /* CreditCardTableViewCell.swift in Sources */,
				EED3AFEB27E5AFD100C4DBC7 /* ViewController.swift in Sources */,
				EEA2966427ED450500D09ECB /* InfoButtonTableViewCell.swift in Sources */,
				EEE2B8E027E82B6200A97E8E /* CorInfoTableViewCell.swift in Sources */,
				EEE2B8D627E82AD700A97E8E /* RecentTableViewCell.swift in Sources */,
				EE643FCA27F08C5600935857 /* CommentResponse.swift in Sources */,
				EE88137727EF0CD300715130 /* String.swift in Sources */,
				EEDFFD9E27E645B500B572C3 /* BaseViewController.swift in Sources */,
				EE3CC33727EA13420075D5AA /* CategoryViewController.swift in Sources */,
				EEBC6FA527F0440C006F8072 /* NewResponseList.swift in Sources */,
				EEFC9AD727F15884000704D0 /* FourthPayTypeTableViewCell.swift in Sources */,
				EEB9569327ECA37B0085C64C /* PriceTableViewCell.swift in Sources */,
				EEE2B8CA27E8296200A97E8E /* MyInfoProfileTableViewCell.swift in Sources */,
				EEB9569827ECACD40085C64C /* PostTableViewCell.swift in Sources */,
				EEDFFDA327E64E4B00B572C3 /* UIViewController.swift in Sources */,
				EEFC9ADB27F158B5000704D0 /* FifthPayInfoTableViewCell.swift in Sources */,
				EEBC6FA327F0120D006F8072 /* NewResponse.swift in Sources */,
				EE42A93227E9B53100A4002F /* ParentViewController.swift in Sources */,
				EEE2B8E427E82C2200A97E8E /* MyInfoNoLoginTableViewCell.swift in Sources */,
				EEBEBE9D27EC1A2E00037059 /* DetailViewController.swift in Sources */,
				EE6551DD27EE4BFA00BBCF90 /* LoginDataManager.swift in Sources */,
				EEDFFDAC27E6520C00B572C3 /* UIFont.swift in Sources */,
				EEC9D32127EED6DE00520746 /* KeyChainManager.swift in Sources */,
				EEFC9ACB27F1537D000704D0 /* FirstCustomerTableViewCell.swift in Sources */,
				EE471CF127E9E6A700C777C8 /* NewViewController.swift in Sources */,
				EEDFFDB027E6528100B572C3 /* UIColor.swift in Sources */,
				EEBAB38F27F16BDA00A53A30 /* OrderPayViewController.swift in Sources */,
				EEA2967427ED4F8200D09ECB /* ArtistInfoTableViewCell.swift in Sources */,
				EE643FC827F0875E00935857 /* DetailResponse.swift in Sources */,
				EEFC9AC327F1267B000704D0 /* DetailBottomSheetTableViewCell.swift in Sources */,
				EEE95D3527EF6EDC00860F15 /* MyAccountTabTableViewCell.swift in Sources */,
				EE6551E127EE4C5800BBCF90 /* EmailLoginResponse.swift in Sources */,
				EE3365EF27E772C4006DF058 /* EmailLoginViewController.swift in Sources */,
				EE643FBF27F06F4C00935857 /* UIImageView.swift in Sources */,
				EED3AFE727E5AFD100C4DBC7 /* AppDelegate.swift in Sources */,
				EEBEBEAD27EC45B700037059 /* MiniImageCollectionViewCell.swift in Sources */,
				EE3CC34127EA13D30075D5AA /* OfflineViewController.swift in Sources */,
				EE3CC33227EA13180075D5AA /* SearchViewController.swift in Sources */,
				EEE95D4827EF7D3300860F15 /* MyProfileSetViewController.swift in Sources */,
				EEE95D4527EF730400860F15 /* LogOutTableViewCell.swift in Sources */,
				EEBC6F9F27F0104E006F8072 /* NewDataManager.swift in Sources */,
				EEE2B8DA27E82AF100A97E8E /* NoticeTableViewCell.swift in Sources */,
				EEA2966A27ED470F00D09ECB /* ReviewTableViewCell.swift in Sources */,
				EE8594C127EAF12F00F274A4 /* OnlyImageCollectionViewCell.swift in Sources */,
				EEE2B8CE27E82A4900A97E8E /* MyInfoPlusTableViewCell.swift in Sources */,
				EEDFFDA027E645FF00B572C3 /* LoginMainViewController.swift in Sources */,
				EEFC9ABF27F11BAF000704D0 /* DetailBottomSheetViewController.swift in Sources */,
				EEE95D4127EF72F000860F15 /* AlarmTableViewCell.swift in Sources */,
				EEBAB38D27F16BA300A53A30 /* DirectBuyViewController.swift in Sources */,
				EEA2965C27ED347000D09ECB /* ArticleInfoTableViewCell.swift in Sources */,
				EEFC9ACF27F15513000704D0 /* SecondAddressTableViewCell.swift in Sources */,
				EE6551D827EE314800BBCF90 /* SignUpResponse.swift in Sources */,
				EE643FCC27F08D0500935857 /* ReviewResponse.swift in Sources */,
				EEA2966F27ED4CFA00D09ECB /* CommentTableViewCell.swift in Sources */,
				EEE2B8E927E8539800A97E8E /* MyInfoViewController.swift in Sources */,
				EEDFFDAE27E6523E00B572C3 /* IndicatorView.swift in Sources */,
				EEBEBEA327EC41C200037059 /* DetailCollectionViewCell.swift in Sources */,
				EED3AFE927E5AFD100C4DBC7 /* SceneDelegate.swift in Sources */,
				EE6551E727EE608E00BBCF90 /* ProfileResponse.swift in Sources */,
				EE8594C527EAF30A00F274A4 /* NewCollectionViewCell.swift in Sources */,
				EE6551D327EE2DB700BBCF90 /* Constant.swift in Sources */,
				EEA2966027ED401B00D09ECB /* TabbarTableViewCell.swift in Sources */,
				EEDFFDB227E65E2D00B572C3 /* EmailSignUpViewController.swift in Sources */,
				EEE95D2E27EF626200860F15 /* SettingViewController.swift in Sources */,
				EEFC9ADF27F158DB000704D0 /* SixthAgreeTableViewCell.swift in Sources */,
				EEE2B8D227E82A6F00A97E8E /* addBannerTableViewCell.swift in Sources */,
				EEE95D3D27EF72C900860F15 /* RefundManageTableViewCell.swift in Sources */,
				EE6551D027EE2CDF00BBCF90 /* SignUpDataManager.swift in Sources */,
				EEBEBEB527EC45E800037059 /* MiniCell.swift in Sources */,
				EEE95D2A27EF563B00860F15 /* ProfilePatchRequest.swift in Sources */,
				EEFC9AD327F15805000704D0 /* ThirdArticleInfoTableViewCell.swift in Sources */,
				EEE95D3127EF63A400860F15 /* SettingProfileTableViewCell.swift in Sources */,
				EE643FCE27F08F9E00935857 /* DetailDataManager.swift in Sources */,
				EE3CC32D27EA12EF0075D5AA /* ClassViewController.swift in Sources */,
				EE6551D627EE313600BBCF90 /* SignUpRequest.swift in Sources */,
				EEC9D32327EEDAA900520746 /* User.swift in Sources */,
				EEBEBEB127EC45D300037059 /* DetailCell.swift in Sources */,
				EE3CC33D27EA13BB0075D5AA /* OnlineViewController.swift in Sources */,
			);
			runOnlyForDeploymentPostprocessing = 0;
		};
/* End PBXSourcesBuildPhase section */

/* Begin PBXVariantGroup section */
		EED3AFEC27E5AFD100C4DBC7 /* Main.storyboard */ = {
			isa = PBXVariantGroup;
			children = (
				EED3AFED27E5AFD100C4DBC7 /* Base */,
			);
			name = Main.storyboard;
			sourceTree = "<group>";
		};
		EED3AFF127E5AFD100C4DBC7 /* LaunchScreen.storyboard */ = {
			isa = PBXVariantGroup;
			children = (
				EED3AFF227E5AFD100C4DBC7 /* Base */,
			);
			name = LaunchScreen.storyboard;
			sourceTree = "<group>";
		};
/* End PBXVariantGroup section */

/* Begin XCBuildConfiguration section */
		EED3AFF527E5AFD100C4DBC7 /* Debug */ = {
			isa = XCBuildConfiguration;
			buildSettings = {
				ALWAYS_SEARCH_USER_PATHS = NO;
				CLANG_ANALYZER_NONNULL = YES;
				CLANG_ANALYZER_NUMBER_OBJECT_CONVERSION = YES_AGGRESSIVE;
				CLANG_CXX_LANGUAGE_STANDARD = "gnu++17";
				CLANG_CXX_LIBRARY = "libc++";
				CLANG_ENABLE_MODULES = YES;
				CLANG_ENABLE_OBJC_ARC = YES;
				CLANG_ENABLE_OBJC_WEAK = YES;
				CLANG_WARN_BLOCK_CAPTURE_AUTORELEASING = YES;
				CLANG_WARN_BOOL_CONVERSION = YES;
				CLANG_WARN_COMMA = YES;
				CLANG_WARN_CONSTANT_CONVERSION = YES;
				CLANG_WARN_DEPRECATED_OBJC_IMPLEMENTATIONS = YES;
				CLANG_WARN_DIRECT_OBJC_ISA_USAGE = YES_ERROR;
				CLANG_WARN_DOCUMENTATION_COMMENTS = YES;
				CLANG_WARN_EMPTY_BODY = YES;
				CLANG_WARN_ENUM_CONVERSION = YES;
				CLANG_WARN_INFINITE_RECURSION = YES;
				CLANG_WARN_INT_CONVERSION = YES;
				CLANG_WARN_NON_LITERAL_NULL_CONVERSION = YES;
				CLANG_WARN_OBJC_IMPLICIT_RETAIN_SELF = YES;
				CLANG_WARN_OBJC_LITERAL_CONVERSION = YES;
				CLANG_WARN_OBJC_ROOT_CLASS = YES_ERROR;
				CLANG_WARN_QUOTED_INCLUDE_IN_FRAMEWORK_HEADER = YES;
				CLANG_WARN_RANGE_LOOP_ANALYSIS = YES;
				CLANG_WARN_STRICT_PROTOTYPES = YES;
				CLANG_WARN_SUSPICIOUS_MOVE = YES;
				CLANG_WARN_UNGUARDED_AVAILABILITY = YES_AGGRESSIVE;
				CLANG_WARN_UNREACHABLE_CODE = YES;
				CLANG_WARN__DUPLICATE_METHOD_MATCH = YES;
				COPY_PHASE_STRIP = NO;
				DEBUG_INFORMATION_FORMAT = dwarf;
				ENABLE_STRICT_OBJC_MSGSEND = YES;
				ENABLE_TESTABILITY = YES;
				GCC_C_LANGUAGE_STANDARD = gnu11;
				GCC_DYNAMIC_NO_PIC = NO;
				GCC_NO_COMMON_BLOCKS = YES;
				GCC_OPTIMIZATION_LEVEL = 0;
				GCC_PREPROCESSOR_DEFINITIONS = (
					"DEBUG=1",
					"$(inherited)",
				);
				GCC_WARN_64_TO_32_BIT_CONVERSION = YES;
				GCC_WARN_ABOUT_RETURN_TYPE = YES_ERROR;
				GCC_WARN_UNDECLARED_SELECTOR = YES;
				GCC_WARN_UNINITIALIZED_AUTOS = YES_AGGRESSIVE;
				GCC_WARN_UNUSED_FUNCTION = YES;
				GCC_WARN_UNUSED_VARIABLE = YES;
				IPHONEOS_DEPLOYMENT_TARGET = 15.2;
				MTL_ENABLE_DEBUG_INFO = INCLUDE_SOURCE;
				MTL_FAST_MATH = YES;
				ONLY_ACTIVE_ARCH = YES;
				SDKROOT = iphoneos;
				SWIFT_ACTIVE_COMPILATION_CONDITIONS = DEBUG;
				SWIFT_OPTIMIZATION_LEVEL = "-Onone";
			};
			name = Debug;
		};
		EED3AFF627E5AFD100C4DBC7 /* Release */ = {
			isa = XCBuildConfiguration;
			buildSettings = {
				ALWAYS_SEARCH_USER_PATHS = NO;
				CLANG_ANALYZER_NONNULL = YES;
				CLANG_ANALYZER_NUMBER_OBJECT_CONVERSION = YES_AGGRESSIVE;
				CLANG_CXX_LANGUAGE_STANDARD = "gnu++17";
				CLANG_CXX_LIBRARY = "libc++";
				CLANG_ENABLE_MODULES = YES;
				CLANG_ENABLE_OBJC_ARC = YES;
				CLANG_ENABLE_OBJC_WEAK = YES;
				CLANG_WARN_BLOCK_CAPTURE_AUTORELEASING = YES;
				CLANG_WARN_BOOL_CONVERSION = YES;
				CLANG_WARN_COMMA = YES;
				CLANG_WARN_CONSTANT_CONVERSION = YES;
				CLANG_WARN_DEPRECATED_OBJC_IMPLEMENTATIONS = YES;
				CLANG_WARN_DIRECT_OBJC_ISA_USAGE = YES_ERROR;
				CLANG_WARN_DOCUMENTATION_COMMENTS = YES;
				CLANG_WARN_EMPTY_BODY = YES;
				CLANG_WARN_ENUM_CONVERSION = YES;
				CLANG_WARN_INFINITE_RECURSION = YES;
				CLANG_WARN_INT_CONVERSION = YES;
				CLANG_WARN_NON_LITERAL_NULL_CONVERSION = YES;
				CLANG_WARN_OBJC_IMPLICIT_RETAIN_SELF = YES;
				CLANG_WARN_OBJC_LITERAL_CONVERSION = YES;
				CLANG_WARN_OBJC_ROOT_CLASS = YES_ERROR;
				CLANG_WARN_QUOTED_INCLUDE_IN_FRAMEWORK_HEADER = YES;
				CLANG_WARN_RANGE_LOOP_ANALYSIS = YES;
				CLANG_WARN_STRICT_PROTOTYPES = YES;
				CLANG_WARN_SUSPICIOUS_MOVE = YES;
				CLANG_WARN_UNGUARDED_AVAILABILITY = YES_AGGRESSIVE;
				CLANG_WARN_UNREACHABLE_CODE = YES;
				CLANG_WARN__DUPLICATE_METHOD_MATCH = YES;
				COPY_PHASE_STRIP = NO;
				DEBUG_INFORMATION_FORMAT = "dwarf-with-dsym";
				ENABLE_NS_ASSERTIONS = NO;
				ENABLE_STRICT_OBJC_MSGSEND = YES;
				GCC_C_LANGUAGE_STANDARD = gnu11;
				GCC_NO_COMMON_BLOCKS = YES;
				GCC_WARN_64_TO_32_BIT_CONVERSION = YES;
				GCC_WARN_ABOUT_RETURN_TYPE = YES_ERROR;
				GCC_WARN_UNDECLARED_SELECTOR = YES;
				GCC_WARN_UNINITIALIZED_AUTOS = YES_AGGRESSIVE;
				GCC_WARN_UNUSED_FUNCTION = YES;
				GCC_WARN_UNUSED_VARIABLE = YES;
				IPHONEOS_DEPLOYMENT_TARGET = 15.2;
				MTL_ENABLE_DEBUG_INFO = NO;
				MTL_FAST_MATH = YES;
				SDKROOT = iphoneos;
				SWIFT_COMPILATION_MODE = wholemodule;
				SWIFT_OPTIMIZATION_LEVEL = "-O";
				VALIDATE_PRODUCT = YES;
			};
			name = Release;
		};
		EED3AFF827E5AFD100C4DBC7 /* Debug */ = {
			isa = XCBuildConfiguration;
			baseConfigurationReference = B1CD12B4D5E4A8B60F313535 /* Pods-idus-test-iOS-Aizen.debug.xcconfig */;
			buildSettings = {
				ASSETCATALOG_COMPILER_APPICON_NAME = AppIcon;
				ASSETCATALOG_COMPILER_GLOBAL_ACCENT_COLOR_NAME = AccentColor;
				CODE_SIGN_STYLE = Automatic;
				CURRENT_PROJECT_VERSION = 1;
				DEVELOPMENT_TEAM = Q57K6D2JP2;
				GENERATE_INFOPLIST_FILE = YES;
				INFOPLIST_FILE = "idus-test-iOS-Aizen/Info.plist";
				INFOPLIST_KEY_UIApplicationSupportsIndirectInputEvents = YES;
				INFOPLIST_KEY_UILaunchStoryboardName = LaunchScreen;
				INFOPLIST_KEY_UIMainStoryboardFile = LoginStoryboard;
				INFOPLIST_KEY_UISupportedInterfaceOrientations = UIInterfaceOrientationPortrait;
				INFOPLIST_KEY_UISupportedInterfaceOrientations_iPad = "UIInterfaceOrientationPortrait UIInterfaceOrientationPortraitUpsideDown UIInterfaceOrientationLandscapeLeft UIInterfaceOrientationLandscapeRight";
				INFOPLIST_KEY_UISupportedInterfaceOrientations_iPhone = "UIInterfaceOrientationPortrait UIInterfaceOrientationLandscapeLeft UIInterfaceOrientationLandscapeRight";
				IPHONEOS_DEPLOYMENT_TARGET = 15.2;
				LD_RUNPATH_SEARCH_PATHS = (
					"$(inherited)",
					"@executable_path/Frameworks",
				);
				MARKETING_VERSION = 1.0;
				PRODUCT_BUNDLE_IDENTIFIER = "com.example.practice.idus-test-iOS-Aizen";
				PRODUCT_NAME = "$(TARGET_NAME)";
				SWIFT_EMIT_LOC_STRINGS = YES;
				SWIFT_VERSION = 5.0;
				TARGETED_DEVICE_FAMILY = 1;
			};
			name = Debug;
		};
		EED3AFF927E5AFD100C4DBC7 /* Release */ = {
			isa = XCBuildConfiguration;
			baseConfigurationReference = 9891BBBE67D939487AA54A93 /* Pods-idus-test-iOS-Aizen.release.xcconfig */;
			buildSettings = {
				ASSETCATALOG_COMPILER_APPICON_NAME = AppIcon;
				ASSETCATALOG_COMPILER_GLOBAL_ACCENT_COLOR_NAME = AccentColor;
				CODE_SIGN_STYLE = Automatic;
				CURRENT_PROJECT_VERSION = 1;
				DEVELOPMENT_TEAM = Q57K6D2JP2;
				GENERATE_INFOPLIST_FILE = YES;
				INFOPLIST_FILE = "idus-test-iOS-Aizen/Info.plist";
				INFOPLIST_KEY_UIApplicationSupportsIndirectInputEvents = YES;
				INFOPLIST_KEY_UILaunchStoryboardName = LaunchScreen;
				INFOPLIST_KEY_UIMainStoryboardFile = LoginStoryboard;
				INFOPLIST_KEY_UISupportedInterfaceOrientations = UIInterfaceOrientationPortrait;
				INFOPLIST_KEY_UISupportedInterfaceOrientations_iPad = "UIInterfaceOrientationPortrait UIInterfaceOrientationPortraitUpsideDown UIInterfaceOrientationLandscapeLeft UIInterfaceOrientationLandscapeRight";
				INFOPLIST_KEY_UISupportedInterfaceOrientations_iPhone = "UIInterfaceOrientationPortrait UIInterfaceOrientationLandscapeLeft UIInterfaceOrientationLandscapeRight";
				IPHONEOS_DEPLOYMENT_TARGET = 15.2;
				LD_RUNPATH_SEARCH_PATHS = (
					"$(inherited)",
					"@executable_path/Frameworks",
				);
				MARKETING_VERSION = 1.0;
				PRODUCT_BUNDLE_IDENTIFIER = "com.example.practice.idus-test-iOS-Aizen";
				PRODUCT_NAME = "$(TARGET_NAME)";
				SWIFT_EMIT_LOC_STRINGS = YES;
				SWIFT_VERSION = 5.0;
				TARGETED_DEVICE_FAMILY = 1;
			};
			name = Release;
		};
/* End XCBuildConfiguration section */

/* Begin XCConfigurationList section */
		EED3AFDE27E5AFD100C4DBC7 /* Build configuration list for PBXProject "idus-test-iOS-Aizen" */ = {
			isa = XCConfigurationList;
			buildConfigurations = (
				EED3AFF527E5AFD100C4DBC7 /* Debug */,
				EED3AFF627E5AFD100C4DBC7 /* Release */,
			);
			defaultConfigurationIsVisible = 0;
			defaultConfigurationName = Release;
		};
		EED3AFF727E5AFD100C4DBC7 /* Build configuration list for PBXNativeTarget "idus-test-iOS-Aizen" */ = {
			isa = XCConfigurationList;
			buildConfigurations = (
				EED3AFF827E5AFD100C4DBC7 /* Debug */,
				EED3AFF927E5AFD100C4DBC7 /* Release */,
			);
			defaultConfigurationIsVisible = 0;
			defaultConfigurationName = Release;
		};
/* End XCConfigurationList section */
	};
	rootObject = EED3AFDB27E5AFD100C4DBC7 /* Project object */;
}
