// !$*UTF8*$!
{
	archiveVersion = 1;
	classes = {
	};
	objectVersion = 55;
	objects = {

/* Begin PBXBuildFile section */
		AFAEE23C5D1723F457F2D21F /* Pods_idus_test_iOS_Aizen.framework in Frameworks */ = {isa = PBXBuildFile; fileRef = 063EC1EF1AD05E603772C333 /* Pods_idus_test_iOS_Aizen.framework */; };
		EE3365EF27E772C4006DF058 /* EmailLoginViewController.swift in Sources */ = {isa = PBXBuildFile; fileRef = EE3365EE27E772C4006DF058 /* EmailLoginViewController.swift */; };
		EED3AFE727E5AFD100C4DBC7 /* AppDelegate.swift in Sources */ = {isa = PBXBuildFile; fileRef = EED3AFE627E5AFD100C4DBC7 /* AppDelegate.swift */; };
		EED3AFE927E5AFD100C4DBC7 /* SceneDelegate.swift in Sources */ = {isa = PBXBuildFile; fileRef = EED3AFE827E5AFD100C4DBC7 /* SceneDelegate.swift */; };
		EED3AFEB27E5AFD100C4DBC7 /* ViewController.swift in Sources */ = {isa = PBXBuildFile; fileRef = EED3AFEA27E5AFD100C4DBC7 /* ViewController.swift */; };
		EED3AFEE27E5AFD100C4DBC7 /* Main.storyboard in Resources */ = {isa = PBXBuildFile; fileRef = EED3AFEC27E5AFD100C4DBC7 /* Main.storyboard */; };
		EED3AFF027E5AFD100C4DBC7 /* Assets.xcassets in Resources */ = {isa = PBXBuildFile; fileRef = EED3AFEF27E5AFD100C4DBC7 /* Assets.xcassets */; };
		EED3AFF327E5AFD100C4DBC7 /* LaunchScreen.storyboard in Resources */ = {isa = PBXBuildFile; fileRef = EED3AFF127E5AFD100C4DBC7 /* LaunchScreen.storyboard */; };
		EEDFFD9B27E6398500B572C3 /* LoginStoryboard.storyboard in Resources */ = {isa = PBXBuildFile; fileRef = EEDFFD9A27E6398500B572C3 /* LoginStoryboard.storyboard */; };
		EEDFFD9E27E645B500B572C3 /* BaseViewController.swift in Sources */ = {isa = PBXBuildFile; fileRef = EEDFFD9D27E645B500B572C3 /* BaseViewController.swift */; };
		EEDFFDA027E645FF00B572C3 /* LoginMainViewController.swift in Sources */ = {isa = PBXBuildFile; fileRef = EEDFFD9F27E645FF00B572C3 /* LoginMainViewController.swift */; };
		EEDFFDA327E64E4B00B572C3 /* UIViewController.swift in Sources */ = {isa = PBXBuildFile; fileRef = EEDFFDA227E64E4B00B572C3 /* UIViewController.swift */; };
		EEDFFDA827E6516D00B572C3 /* NotoSansCJKkr-Bold.otf in Resources */ = {isa = PBXBuildFile; fileRef = EEDFFDA727E650DC00B572C3 /* NotoSansCJKkr-Bold.otf */; };
		EEDFFDA927E6517000B572C3 /* NotoSansCJKkr-Regular.otf in Resources */ = {isa = PBXBuildFile; fileRef = EEDFFDA527E650DB00B572C3 /* NotoSansCJKkr-Regular.otf */; };
		EEDFFDAA27E6517300B572C3 /* NotoSansCJKkr-Medium.otf in Resources */ = {isa = PBXBuildFile; fileRef = EEDFFDA627E650DB00B572C3 /* NotoSansCJKkr-Medium.otf */; };
		EEDFFDAC27E6520C00B572C3 /* UIFont.swift in Sources */ = {isa = PBXBuildFile; fileRef = EEDFFDAB27E6520C00B572C3 /* UIFont.swift */; };
		EEDFFDAE27E6523E00B572C3 /* IndicatorView.swift in Sources */ = {isa = PBXBuildFile; fileRef = EEDFFDAD27E6523E00B572C3 /* IndicatorView.swift */; };
		EEDFFDB027E6528100B572C3 /* UIColor.swift in Sources */ = {isa = PBXBuildFile; fileRef = EEDFFDAF27E6528100B572C3 /* UIColor.swift */; };
		EEDFFDB227E65E2D00B572C3 /* EmailSignUpViewController.swift in Sources */ = {isa = PBXBuildFile; fileRef = EEDFFDB127E65E2D00B572C3 /* EmailSignUpViewController.swift */; };
/* End PBXBuildFile section */

/* Begin PBXFileReference section */
		063EC1EF1AD05E603772C333 /* Pods_idus_test_iOS_Aizen.framework */ = {isa = PBXFileReference; explicitFileType = wrapper.framework; includeInIndex = 0; path = Pods_idus_test_iOS_Aizen.framework; sourceTree = BUILT_PRODUCTS_DIR; };
		27289B969A0813B7F676BD13 /* Pods-idus-test-iOS-Aizen.release.xcconfig */ = {isa = PBXFileReference; includeInIndex = 1; lastKnownFileType = text.xcconfig; name = "Pods-idus-test-iOS-Aizen.release.xcconfig"; path = "Target Support Files/Pods-idus-test-iOS-Aizen/Pods-idus-test-iOS-Aizen.release.xcconfig"; sourceTree = "<group>"; };
		EE3365EE27E772C4006DF058 /* EmailLoginViewController.swift */ = {isa = PBXFileReference; lastKnownFileType = sourcecode.swift; path = EmailLoginViewController.swift; sourceTree = "<group>"; };
		EED3AFE327E5AFD100C4DBC7 /* idus-test-iOS-Aizen.app */ = {isa = PBXFileReference; explicitFileType = wrapper.application; includeInIndex = 0; path = "idus-test-iOS-Aizen.app"; sourceTree = BUILT_PRODUCTS_DIR; };
		EED3AFE627E5AFD100C4DBC7 /* AppDelegate.swift */ = {isa = PBXFileReference; lastKnownFileType = sourcecode.swift; path = AppDelegate.swift; sourceTree = "<group>"; };
		EED3AFE827E5AFD100C4DBC7 /* SceneDelegate.swift */ = {isa = PBXFileReference; lastKnownFileType = sourcecode.swift; path = SceneDelegate.swift; sourceTree = "<group>"; };
		EED3AFEA27E5AFD100C4DBC7 /* ViewController.swift */ = {isa = PBXFileReference; lastKnownFileType = sourcecode.swift; path = ViewController.swift; sourceTree = "<group>"; };
		EED3AFED27E5AFD100C4DBC7 /* Base */ = {isa = PBXFileReference; lastKnownFileType = file.storyboard; name = Base; path = Base.lproj/Main.storyboard; sourceTree = "<group>"; };
		EED3AFEF27E5AFD100C4DBC7 /* Assets.xcassets */ = {isa = PBXFileReference; lastKnownFileType = folder.assetcatalog; path = Assets.xcassets; sourceTree = "<group>"; };
		EED3AFF227E5AFD100C4DBC7 /* Base */ = {isa = PBXFileReference; lastKnownFileType = file.storyboard; name = Base; path = Base.lproj/LaunchScreen.storyboard; sourceTree = "<group>"; };
		EED3AFF427E5AFD100C4DBC7 /* Info.plist */ = {isa = PBXFileReference; lastKnownFileType = text.plist.xml; path = Info.plist; sourceTree = "<group>"; };
		EEDFFD9A27E6398500B572C3 /* LoginStoryboard.storyboard */ = {isa = PBXFileReference; lastKnownFileType = file.storyboard; path = LoginStoryboard.storyboard; sourceTree = "<group>"; };
		EEDFFD9D27E645B500B572C3 /* BaseViewController.swift */ = {isa = PBXFileReference; lastKnownFileType = sourcecode.swift; path = BaseViewController.swift; sourceTree = "<group>"; };
		EEDFFD9F27E645FF00B572C3 /* LoginMainViewController.swift */ = {isa = PBXFileReference; lastKnownFileType = sourcecode.swift; path = LoginMainViewController.swift; sourceTree = "<group>"; };
		EEDFFDA227E64E4B00B572C3 /* UIViewController.swift */ = {isa = PBXFileReference; lastKnownFileType = sourcecode.swift; path = UIViewController.swift; sourceTree = "<group>"; };
		EEDFFDA527E650DB00B572C3 /* NotoSansCJKkr-Regular.otf */ = {isa = PBXFileReference; lastKnownFileType = file; path = "NotoSansCJKkr-Regular.otf"; sourceTree = "<group>"; };
		EEDFFDA627E650DB00B572C3 /* NotoSansCJKkr-Medium.otf */ = {isa = PBXFileReference; lastKnownFileType = file; path = "NotoSansCJKkr-Medium.otf"; sourceTree = "<group>"; };
		EEDFFDA727E650DC00B572C3 /* NotoSansCJKkr-Bold.otf */ = {isa = PBXFileReference; lastKnownFileType = file; path = "NotoSansCJKkr-Bold.otf"; sourceTree = "<group>"; };
		EEDFFDAB27E6520C00B572C3 /* UIFont.swift */ = {isa = PBXFileReference; lastKnownFileType = sourcecode.swift; path = UIFont.swift; sourceTree = "<group>"; };
		EEDFFDAD27E6523E00B572C3 /* IndicatorView.swift */ = {isa = PBXFileReference; lastKnownFileType = sourcecode.swift; path = IndicatorView.swift; sourceTree = "<group>"; };
		EEDFFDAF27E6528100B572C3 /* UIColor.swift */ = {isa = PBXFileReference; lastKnownFileType = sourcecode.swift; path = UIColor.swift; sourceTree = "<group>"; };
		EEDFFDB127E65E2D00B572C3 /* EmailSignUpViewController.swift */ = {isa = PBXFileReference; lastKnownFileType = sourcecode.swift; path = EmailSignUpViewController.swift; sourceTree = "<group>"; };
		F2C5FFC6BBB74190F5BCFB71 /* Pods-idus-test-iOS-Aizen.debug.xcconfig */ = {isa = PBXFileReference; includeInIndex = 1; lastKnownFileType = text.xcconfig; name = "Pods-idus-test-iOS-Aizen.debug.xcconfig"; path = "Target Support Files/Pods-idus-test-iOS-Aizen/Pods-idus-test-iOS-Aizen.debug.xcconfig"; sourceTree = "<group>"; };
/* End PBXFileReference section */

/* Begin PBXFrameworksBuildPhase section */
		EED3AFE027E5AFD100C4DBC7 /* Frameworks */ = {
			isa = PBXFrameworksBuildPhase;
			buildActionMask = 2147483647;
			files = (
				AFAEE23C5D1723F457F2D21F /* Pods_idus_test_iOS_Aizen.framework in Frameworks */,
			);
			runOnlyForDeploymentPostprocessing = 0;
		};
/* End PBXFrameworksBuildPhase section */

/* Begin PBXGroup section */
		B9CA3B6D746D0CE52B50CB71 /* Frameworks */ = {
			isa = PBXGroup;
			children = (
				063EC1EF1AD05E603772C333 /* Pods_idus_test_iOS_Aizen.framework */,
			);
			name = Frameworks;
			sourceTree = "<group>";
		};
		E5FCDB607B925105E13594F6 /* Pods */ = {
			isa = PBXGroup;
			children = (
				F2C5FFC6BBB74190F5BCFB71 /* Pods-idus-test-iOS-Aizen.debug.xcconfig */,
				27289B969A0813B7F676BD13 /* Pods-idus-test-iOS-Aizen.release.xcconfig */,
			);
			path = Pods;
			sourceTree = "<group>";
		};
		EED3AFDA27E5AFD100C4DBC7 = {
			isa = PBXGroup;
			children = (
				EED3AFE527E5AFD100C4DBC7 /* idus-test-iOS-Aizen */,
				EED3AFE427E5AFD100C4DBC7 /* Products */,
				E5FCDB607B925105E13594F6 /* Pods */,
				B9CA3B6D746D0CE52B50CB71 /* Frameworks */,
			);
			sourceTree = "<group>";
		};
		EED3AFE427E5AFD100C4DBC7 /* Products */ = {
			isa = PBXGroup;
			children = (
				EED3AFE327E5AFD100C4DBC7 /* idus-test-iOS-Aizen.app */,
			);
			name = Products;
			sourceTree = "<group>";
		};
		EED3AFE527E5AFD100C4DBC7 /* idus-test-iOS-Aizen */ = {
			isa = PBXGroup;
			children = (
				EEDFFD9827E636D600B572C3 /* Network */,
				EEDFFD9727E636C900B572C3 /* Util */,
				EEDFFD9627E6368100B572C3 /* Source */,
				EEDFFD9527E6367300B572C3 /* Configuration */,
				EED3AFE627E5AFD100C4DBC7 /* AppDelegate.swift */,
				EED3AFE827E5AFD100C4DBC7 /* SceneDelegate.swift */,
				EED3AFEA27E5AFD100C4DBC7 /* ViewController.swift */,
				EED3AFEC27E5AFD100C4DBC7 /* Main.storyboard */,
				EED3AFEF27E5AFD100C4DBC7 /* Assets.xcassets */,
				EED3AFF127E5AFD100C4DBC7 /* LaunchScreen.storyboard */,
				EED3AFF427E5AFD100C4DBC7 /* Info.plist */,
			);
			path = "idus-test-iOS-Aizen";
			sourceTree = "<group>";
		};
		EEDFFD9527E6367300B572C3 /* Configuration */ = {
			isa = PBXGroup;
			children = (
				EEDFFDA427E6507800B572C3 /* Font */,
				EEDFFD9C27E6450400B572C3 /* Base */,
			);
			path = Configuration;
			sourceTree = "<group>";
		};
		EEDFFD9627E6368100B572C3 /* Source */ = {
			isa = PBXGroup;
			children = (
				EEDFFD9927E6370000B572C3 /* Login */,
			);
			path = Source;
			sourceTree = "<group>";
		};
		EEDFFD9727E636C900B572C3 /* Util */ = {
			isa = PBXGroup;
			children = (
				EEDFFDAD27E6523E00B572C3 /* IndicatorView.swift */,
				EEDFFDA127E64E2300B572C3 /* Extension */,
			);
			path = Util;
			sourceTree = "<group>";
		};
		EEDFFD9827E636D600B572C3 /* Network */ = {
			isa = PBXGroup;
			children = (
			);
			path = Network;
			sourceTree = "<group>";
		};
		EEDFFD9927E6370000B572C3 /* Login */ = {
			isa = PBXGroup;
			children = (
				EEDFFD9A27E6398500B572C3 /* LoginStoryboard.storyboard */,
				EEDFFD9F27E645FF00B572C3 /* LoginMainViewController.swift */,
				EEDFFDB127E65E2D00B572C3 /* EmailSignUpViewController.swift */,
				EE3365EE27E772C4006DF058 /* EmailLoginViewController.swift */,
			);
			path = Login;
			sourceTree = "<group>";
		};
		EEDFFD9C27E6450400B572C3 /* Base */ = {
			isa = PBXGroup;
			children = (
				EEDFFD9D27E645B500B572C3 /* BaseViewController.swift */,
			);
			path = Base;
			sourceTree = "<group>";
		};
		EEDFFDA127E64E2300B572C3 /* Extension */ = {
			isa = PBXGroup;
			children = (
				EEDFFDA227E64E4B00B572C3 /* UIViewController.swift */,
				EEDFFDAB27E6520C00B572C3 /* UIFont.swift */,
				EEDFFDAF27E6528100B572C3 /* UIColor.swift */,
			);
			path = Extension;
			sourceTree = "<group>";
		};
		EEDFFDA427E6507800B572C3 /* Font */ = {
			isa = PBXGroup;
			children = (
				EEDFFDA727E650DC00B572C3 /* NotoSansCJKkr-Bold.otf */,
				EEDFFDA627E650DB00B572C3 /* NotoSansCJKkr-Medium.otf */,
				EEDFFDA527E650DB00B572C3 /* NotoSansCJKkr-Regular.otf */,
			);
			path = Font;
			sourceTree = "<group>";
		};
/* End PBXGroup section */

/* Begin PBXNativeTarget section */
		EED3AFE227E5AFD100C4DBC7 /* idus-test-iOS-Aizen */ = {
			isa = PBXNativeTarget;
			buildConfigurationList = EED3AFF727E5AFD100C4DBC7 /* Build configuration list for PBXNativeTarget "idus-test-iOS-Aizen" */;
			buildPhases = (
				A173DB9F7D6E495AFF129D36 /* [CP] Check Pods Manifest.lock */,
				EED3AFDF27E5AFD100C4DBC7 /* Sources */,
				EED3AFE027E5AFD100C4DBC7 /* Frameworks */,
				EED3AFE127E5AFD100C4DBC7 /* Resources */,
				C4A537E1F833F369012C9464 /* [CP] Embed Pods Frameworks */,
			);
			buildRules = (
			);
			dependencies = (
			);
			name = "idus-test-iOS-Aizen";
			productName = "idus-test-iOS-Aizen";
			productReference = EED3AFE327E5AFD100C4DBC7 /* idus-test-iOS-Aizen.app */;
			productType = "com.apple.product-type.application";
		};
/* End PBXNativeTarget section */

/* Begin PBXProject section */
		EED3AFDB27E5AFD100C4DBC7 /* Project object */ = {
			isa = PBXProject;
			attributes = {
				BuildIndependentTargetsInParallel = 1;
				LastSwiftUpdateCheck = 1320;
				LastUpgradeCheck = 1320;
				TargetAttributes = {
					EED3AFE227E5AFD100C4DBC7 = {
						CreatedOnToolsVersion = 13.2.1;
					};
				};
			};
			buildConfigurationList = EED3AFDE27E5AFD100C4DBC7 /* Build configuration list for PBXProject "idus-test-iOS-Aizen" */;
			compatibilityVersion = "Xcode 13.0";
			developmentRegion = en;
			hasScannedForEncodings = 0;
			knownRegions = (
				en,
				Base,
			);
			mainGroup = EED3AFDA27E5AFD100C4DBC7;
			productRefGroup = EED3AFE427E5AFD100C4DBC7 /* Products */;
			projectDirPath = "";
			projectRoot = "";
			targets = (
				EED3AFE227E5AFD100C4DBC7 /* idus-test-iOS-Aizen */,
			);
		};
/* End PBXProject section */

/* Begin PBXResourcesBuildPhase section */
		EED3AFE127E5AFD100C4DBC7 /* Resources */ = {
			isa = PBXResourcesBuildPhase;
			buildActionMask = 2147483647;
			files = (
				EED3AFF327E5AFD100C4DBC7 /* LaunchScreen.storyboard in Resources */,
				EEDFFDAA27E6517300B572C3 /* NotoSansCJKkr-Medium.otf in Resources */,
				EEDFFDA927E6517000B572C3 /* NotoSansCJKkr-Regular.otf in Resources */,
				EEDFFDA827E6516D00B572C3 /* NotoSansCJKkr-Bold.otf in Resources */,
				EED3AFF027E5AFD100C4DBC7 /* Assets.xcassets in Resources */,
				EED3AFEE27E5AFD100C4DBC7 /* Main.storyboard in Resources */,
				EEDFFD9B27E6398500B572C3 /* LoginStoryboard.storyboard in Resources */,
			);
			runOnlyForDeploymentPostprocessing = 0;
		};
/* End PBXResourcesBuildPhase section */

/* Begin PBXShellScriptBuildPhase section */
		A173DB9F7D6E495AFF129D36 /* [CP] Check Pods Manifest.lock */ = {
			isa = PBXShellScriptBuildPhase;
			buildActionMask = 2147483647;
			files = (
			);
			inputFileListPaths = (
			);
			inputPaths = (
				"${PODS_PODFILE_DIR_PATH}/Podfile.lock",
				"${PODS_ROOT}/Manifest.lock",
			);
			name = "[CP] Check Pods Manifest.lock";
			outputFileListPaths = (
			);
			outputPaths = (
				"$(DERIVED_FILE_DIR)/Pods-idus-test-iOS-Aizen-checkManifestLockResult.txt",
			);
			runOnlyForDeploymentPostprocessing = 0;
			shellPath = /bin/sh;
			shellScript = "diff \"${PODS_PODFILE_DIR_PATH}/Podfile.lock\" \"${PODS_ROOT}/Manifest.lock\" > /dev/null\nif [ $? != 0 ] ; then\n    # print error to STDERR\n    echo \"error: The sandbox is not in sync with the Podfile.lock. Run 'pod install' or update your CocoaPods installation.\" >&2\n    exit 1\nfi\n# This output is used by Xcode 'outputs' to avoid re-running this script phase.\necho \"SUCCESS\" > \"${SCRIPT_OUTPUT_FILE_0}\"\n";
			showEnvVarsInLog = 0;
		};
		C4A537E1F833F369012C9464 /* [CP] Embed Pods Frameworks */ = {
			isa = PBXShellScriptBuildPhase;
			buildActionMask = 2147483647;
			files = (
			);
			inputFileListPaths = (
				"${PODS_ROOT}/Target Support Files/Pods-idus-test-iOS-Aizen/Pods-idus-test-iOS-Aizen-frameworks-${CONFIGURATION}-input-files.xcfilelist",
			);
			name = "[CP] Embed Pods Frameworks";
			outputFileListPaths = (
				"${PODS_ROOT}/Target Support Files/Pods-idus-test-iOS-Aizen/Pods-idus-test-iOS-Aizen-frameworks-${CONFIGURATION}-output-files.xcfilelist",
			);
			runOnlyForDeploymentPostprocessing = 0;
			shellPath = /bin/sh;
			shellScript = "\"${PODS_ROOT}/Target Support Files/Pods-idus-test-iOS-Aizen/Pods-idus-test-iOS-Aizen-frameworks.sh\"\n";
			showEnvVarsInLog = 0;
		};
/* End PBXShellScriptBuildPhase section */

/* Begin PBXSourcesBuildPhase section */
		EED3AFDF27E5AFD100C4DBC7 /* Sources */ = {
			isa = PBXSourcesBuildPhase;
			buildActionMask = 2147483647;
			files = (
				EED3AFEB27E5AFD100C4DBC7 /* ViewController.swift in Sources */,
				EEDFFD9E27E645B500B572C3 /* BaseViewController.swift in Sources */,
				EEDFFDA327E64E4B00B572C3 /* UIViewController.swift in Sources */,
				EEDFFDAC27E6520C00B572C3 /* UIFont.swift in Sources */,
				EEDFFDB027E6528100B572C3 /* UIColor.swift in Sources */,
				EE3365EF27E772C4006DF058 /* EmailLoginViewController.swift in Sources */,
				EED3AFE727E5AFD100C4DBC7 /* AppDelegate.swift in Sources */,
				EEDFFDA027E645FF00B572C3 /* LoginMainViewController.swift in Sources */,
				EEDFFDAE27E6523E00B572C3 /* IndicatorView.swift in Sources */,
				EED3AFE927E5AFD100C4DBC7 /* SceneDelegate.swift in Sources */,
				EEDFFDB227E65E2D00B572C3 /* EmailSignUpViewController.swift in Sources */,
			);
			runOnlyForDeploymentPostprocessing = 0;
		};
/* End PBXSourcesBuildPhase section */

/* Begin PBXVariantGroup section */
		EED3AFEC27E5AFD100C4DBC7 /* Main.storyboard */ = {
			isa = PBXVariantGroup;
			children = (
				EED3AFED27E5AFD100C4DBC7 /* Base */,
			);
			name = Main.storyboard;
			sourceTree = "<group>";
		};
		EED3AFF127E5AFD100C4DBC7 /* LaunchScreen.storyboard */ = {
			isa = PBXVariantGroup;
			children = (
				EED3AFF227E5AFD100C4DBC7 /* Base */,
			);
			name = LaunchScreen.storyboard;
			sourceTree = "<group>";
		};
/* End PBXVariantGroup section */

/* Begin XCBuildConfiguration section */
		EED3AFF527E5AFD100C4DBC7 /* Debug */ = {
			isa = XCBuildConfiguration;
			buildSettings = {
				ALWAYS_SEARCH_USER_PATHS = NO;
				CLANG_ANALYZER_NONNULL = YES;
				CLANG_ANALYZER_NUMBER_OBJECT_CONVERSION = YES_AGGRESSIVE;
				CLANG_CXX_LANGUAGE_STANDARD = "gnu++17";
				CLANG_CXX_LIBRARY = "libc++";
				CLANG_ENABLE_MODULES = YES;
				CLANG_ENABLE_OBJC_ARC = YES;
				CLANG_ENABLE_OBJC_WEAK = YES;
				CLANG_WARN_BLOCK_CAPTURE_AUTORELEASING = YES;
				CLANG_WARN_BOOL_CONVERSION = YES;
				CLANG_WARN_COMMA = YES;
				CLANG_WARN_CONSTANT_CONVERSION = YES;
				CLANG_WARN_DEPRECATED_OBJC_IMPLEMENTATIONS = YES;
				CLANG_WARN_DIRECT_OBJC_ISA_USAGE = YES_ERROR;
				CLANG_WARN_DOCUMENTATION_COMMENTS = YES;
				CLANG_WARN_EMPTY_BODY = YES;
				CLANG_WARN_ENUM_CONVERSION = YES;
				CLANG_WARN_INFINITE_RECURSION = YES;
				CLANG_WARN_INT_CONVERSION = YES;
				CLANG_WARN_NON_LITERAL_NULL_CONVERSION = YES;
				CLANG_WARN_OBJC_IMPLICIT_RETAIN_SELF = YES;
				CLANG_WARN_OBJC_LITERAL_CONVERSION = YES;
				CLANG_WARN_OBJC_ROOT_CLASS = YES_ERROR;
				CLANG_WARN_QUOTED_INCLUDE_IN_FRAMEWORK_HEADER = YES;
				CLANG_WARN_RANGE_LOOP_ANALYSIS = YES;
				CLANG_WARN_STRICT_PROTOTYPES = YES;
				CLANG_WARN_SUSPICIOUS_MOVE = YES;
				CLANG_WARN_UNGUARDED_AVAILABILITY = YES_AGGRESSIVE;
				CLANG_WARN_UNREACHABLE_CODE = YES;
				CLANG_WARN__DUPLICATE_METHOD_MATCH = YES;
				COPY_PHASE_STRIP = NO;
				DEBUG_INFORMATION_FORMAT = dwarf;
				ENABLE_STRICT_OBJC_MSGSEND = YES;
				ENABLE_TESTABILITY = YES;
				GCC_C_LANGUAGE_STANDARD = gnu11;
				GCC_DYNAMIC_NO_PIC = NO;
				GCC_NO_COMMON_BLOCKS = YES;
				GCC_OPTIMIZATION_LEVEL = 0;
				GCC_PREPROCESSOR_DEFINITIONS = (
					"DEBUG=1",
					"$(inherited)",
				);
				GCC_WARN_64_TO_32_BIT_CONVERSION = YES;
				GCC_WARN_ABOUT_RETURN_TYPE = YES_ERROR;
				GCC_WARN_UNDECLARED_SELECTOR = YES;
				GCC_WARN_UNINITIALIZED_AUTOS = YES_AGGRESSIVE;
				GCC_WARN_UNUSED_FUNCTION = YES;
				GCC_WARN_UNUSED_VARIABLE = YES;
				IPHONEOS_DEPLOYMENT_TARGET = 15.2;
				MTL_ENABLE_DEBUG_INFO = INCLUDE_SOURCE;
				MTL_FAST_MATH = YES;
				ONLY_ACTIVE_ARCH = YES;
				SDKROOT = iphoneos;
				SWIFT_ACTIVE_COMPILATION_CONDITIONS = DEBUG;
				SWIFT_OPTIMIZATION_LEVEL = "-Onone";
			};
			name = Debug;
		};
		EED3AFF627E5AFD100C4DBC7 /* Release */ = {
			isa = XCBuildConfiguration;
			buildSettings = {
				ALWAYS_SEARCH_USER_PATHS = NO;
				CLANG_ANALYZER_NONNULL = YES;
				CLANG_ANALYZER_NUMBER_OBJECT_CONVERSION = YES_AGGRESSIVE;
				CLANG_CXX_LANGUAGE_STANDARD = "gnu++17";
				CLANG_CXX_LIBRARY = "libc++";
				CLANG_ENABLE_MODULES = YES;
				CLANG_ENABLE_OBJC_ARC = YES;
				CLANG_ENABLE_OBJC_WEAK = YES;
				CLANG_WARN_BLOCK_CAPTURE_AUTORELEASING = YES;
				CLANG_WARN_BOOL_CONVERSION = YES;
				CLANG_WARN_COMMA = YES;
				CLANG_WARN_CONSTANT_CONVERSION = YES;
				CLANG_WARN_DEPRECATED_OBJC_IMPLEMENTATIONS = YES;
				CLANG_WARN_DIRECT_OBJC_ISA_USAGE = YES_ERROR;
				CLANG_WARN_DOCUMENTATION_COMMENTS = YES;
				CLANG_WARN_EMPTY_BODY = YES;
				CLANG_WARN_ENUM_CONVERSION = YES;
				CLANG_WARN_INFINITE_RECURSION = YES;
				CLANG_WARN_INT_CONVERSION = YES;
				CLANG_WARN_NON_LITERAL_NULL_CONVERSION = YES;
				CLANG_WARN_OBJC_IMPLICIT_RETAIN_SELF = YES;
				CLANG_WARN_OBJC_LITERAL_CONVERSION = YES;
				CLANG_WARN_OBJC_ROOT_CLASS = YES_ERROR;
				CLANG_WARN_QUOTED_INCLUDE_IN_FRAMEWORK_HEADER = YES;
				CLANG_WARN_RANGE_LOOP_ANALYSIS = YES;
				CLANG_WARN_STRICT_PROTOTYPES = YES;
				CLANG_WARN_SUSPICIOUS_MOVE = YES;
				CLANG_WARN_UNGUARDED_AVAILABILITY = YES_AGGRESSIVE;
				CLANG_WARN_UNREACHABLE_CODE = YES;
				CLANG_WARN__DUPLICATE_METHOD_MATCH = YES;
				COPY_PHASE_STRIP = NO;
				DEBUG_INFORMATION_FORMAT = "dwarf-with-dsym";
				ENABLE_NS_ASSERTIONS = NO;
				ENABLE_STRICT_OBJC_MSGSEND = YES;
				GCC_C_LANGUAGE_STANDARD = gnu11;
				GCC_NO_COMMON_BLOCKS = YES;
				GCC_WARN_64_TO_32_BIT_CONVERSION = YES;
				GCC_WARN_ABOUT_RETURN_TYPE = YES_ERROR;
				GCC_WARN_UNDECLARED_SELECTOR = YES;
				GCC_WARN_UNINITIALIZED_AUTOS = YES_AGGRESSIVE;
				GCC_WARN_UNUSED_FUNCTION = YES;
				GCC_WARN_UNUSED_VARIABLE = YES;
				IPHONEOS_DEPLOYMENT_TARGET = 15.2;
				MTL_ENABLE_DEBUG_INFO = NO;
				MTL_FAST_MATH = YES;
				SDKROOT = iphoneos;
				SWIFT_COMPILATION_MODE = wholemodule;
				SWIFT_OPTIMIZATION_LEVEL = "-O";
				VALIDATE_PRODUCT = YES;
			};
			name = Release;
		};
		EED3AFF827E5AFD100C4DBC7 /* Debug */ = {
			isa = XCBuildConfiguration;
			baseConfigurationReference = F2C5FFC6BBB74190F5BCFB71 /* Pods-idus-test-iOS-Aizen.debug.xcconfig */;
			buildSettings = {
				ASSETCATALOG_COMPILER_APPICON_NAME = AppIcon;
				ASSETCATALOG_COMPILER_GLOBAL_ACCENT_COLOR_NAME = AccentColor;
				CODE_SIGN_STYLE = Automatic;
				CURRENT_PROJECT_VERSION = 1;
				DEVELOPMENT_TEAM = Q57K6D2JP2;
				GENERATE_INFOPLIST_FILE = YES;
				INFOPLIST_FILE = "idus-test-iOS-Aizen/Info.plist";
				INFOPLIST_KEY_UIApplicationSupportsIndirectInputEvents = YES;
				INFOPLIST_KEY_UILaunchStoryboardName = LaunchScreen;
				INFOPLIST_KEY_UIMainStoryboardFile = LoginStoryboard;
				INFOPLIST_KEY_UISupportedInterfaceOrientations = UIInterfaceOrientationPortrait;
				INFOPLIST_KEY_UISupportedInterfaceOrientations_iPad = "UIInterfaceOrientationPortrait UIInterfaceOrientationPortraitUpsideDown UIInterfaceOrientationLandscapeLeft UIInterfaceOrientationLandscapeRight";
				INFOPLIST_KEY_UISupportedInterfaceOrientations_iPhone = "UIInterfaceOrientationPortrait UIInterfaceOrientationLandscapeLeft UIInterfaceOrientationLandscapeRight";
				IPHONEOS_DEPLOYMENT_TARGET = 15.2;
				LD_RUNPATH_SEARCH_PATHS = (
					"$(inherited)",
					"@executable_path/Frameworks",
				);
				MARKETING_VERSION = 1.0;
				PRODUCT_BUNDLE_IDENTIFIER = "com.example.practice.idus-test-iOS-Aizen";
				PRODUCT_NAME = "$(TARGET_NAME)";
				SWIFT_EMIT_LOC_STRINGS = YES;
				SWIFT_VERSION = 5.0;
				TARGETED_DEVICE_FAMILY = 1;
			};
			name = Debug;
		};
		EED3AFF927E5AFD100C4DBC7 /* Release */ = {
			isa = XCBuildConfiguration;
			baseConfigurationReference = 27289B969A0813B7F676BD13 /* Pods-idus-test-iOS-Aizen.release.xcconfig */;
			buildSettings = {
				ASSETCATALOG_COMPILER_APPICON_NAME = AppIcon;
				ASSETCATALOG_COMPILER_GLOBAL_ACCENT_COLOR_NAME = AccentColor;
				CODE_SIGN_STYLE = Automatic;
				CURRENT_PROJECT_VERSION = 1;
				DEVELOPMENT_TEAM = Q57K6D2JP2;
				GENERATE_INFOPLIST_FILE = YES;
				INFOPLIST_FILE = "idus-test-iOS-Aizen/Info.plist";
				INFOPLIST_KEY_UIApplicationSupportsIndirectInputEvents = YES;
				INFOPLIST_KEY_UILaunchStoryboardName = LaunchScreen;
				INFOPLIST_KEY_UIMainStoryboardFile = LoginStoryboard;
				INFOPLIST_KEY_UISupportedInterfaceOrientations = UIInterfaceOrientationPortrait;
				INFOPLIST_KEY_UISupportedInterfaceOrientations_iPad = "UIInterfaceOrientationPortrait UIInterfaceOrientationPortraitUpsideDown UIInterfaceOrientationLandscapeLeft UIInterfaceOrientationLandscapeRight";
				INFOPLIST_KEY_UISupportedInterfaceOrientations_iPhone = "UIInterfaceOrientationPortrait UIInterfaceOrientationLandscapeLeft UIInterfaceOrientationLandscapeRight";
				IPHONEOS_DEPLOYMENT_TARGET = 15.2;
				LD_RUNPATH_SEARCH_PATHS = (
					"$(inherited)",
					"@executable_path/Frameworks",
				);
				MARKETING_VERSION = 1.0;
				PRODUCT_BUNDLE_IDENTIFIER = "com.example.practice.idus-test-iOS-Aizen";
				PRODUCT_NAME = "$(TARGET_NAME)";
				SWIFT_EMIT_LOC_STRINGS = YES;
				SWIFT_VERSION = 5.0;
				TARGETED_DEVICE_FAMILY = 1;
			};
			name = Release;
		};
/* End XCBuildConfiguration section */

/* Begin XCConfigurationList section */
		EED3AFDE27E5AFD100C4DBC7 /* Build configuration list for PBXProject "idus-test-iOS-Aizen" */ = {
			isa = XCConfigurationList;
			buildConfigurations = (
				EED3AFF527E5AFD100C4DBC7 /* Debug */,
				EED3AFF627E5AFD100C4DBC7 /* Release */,
			);
			defaultConfigurationIsVisible = 0;
			defaultConfigurationName = Release;
		};
		EED3AFF727E5AFD100C4DBC7 /* Build configuration list for PBXNativeTarget "idus-test-iOS-Aizen" */ = {
			isa = XCConfigurationList;
			buildConfigurations = (
				EED3AFF827E5AFD100C4DBC7 /* Debug */,
				EED3AFF927E5AFD100C4DBC7 /* Release */,
			);
			defaultConfigurationIsVisible = 0;
			defaultConfigurationName = Release;
		};
/* End XCConfigurationList section */
	};
	rootObject = EED3AFDB27E5AFD100C4DBC7 /* Project object */;
}
